// !$*UTF8*$!
{
	archiveVersion = 1;
	classes = {
	};
	objectVersion = 46;
	objects = {

/* Begin PBXBuildFile section */
		4D0D56121CB37302008CB981 /* BurrowTunnel-Mac.appex in Embed App Extensions */ = {isa = PBXBuildFile; fileRef = 4D0D56091CB37302008CB981 /* BurrowTunnel-Mac.appex */; settings = {ATTRIBUTES = (RemoveHeadersOnCopy, ); }; };
		4D0D56211CB37390008CB981 /* AppDelegate.swift in Sources */ = {isa = PBXBuildFile; fileRef = 4D0D56191CB37390008CB981 /* AppDelegate.swift */; };
		4D0D56231CB37390008CB981 /* LaunchScreen.storyboard in Resources */ = {isa = PBXBuildFile; fileRef = 4D0D561B1CB37390008CB981 /* LaunchScreen.storyboard */; };
		4D0D56241CB37390008CB981 /* Main.storyboard in Resources */ = {isa = PBXBuildFile; fileRef = 4D0D561D1CB37390008CB981 /* Main.storyboard */; };
		4D0D56261CB37390008CB981 /* ViewController.swift in Sources */ = {isa = PBXBuildFile; fileRef = 4D0D56201CB37390008CB981 /* ViewController.swift */; };
		4D0D56381CB3739C008CB981 /* Info.plist in Resources */ = {isa = PBXBuildFile; fileRef = 4D0D56351CB3739C008CB981 /* Info.plist */; };
		4D0D563B1CB3742B008CB981 /* AppDelegate.swift in Sources */ = {isa = PBXBuildFile; fileRef = 4D0D56281CB37394008CB981 /* AppDelegate.swift */; };
		4D0D563C1CB37431008CB981 /* Main.storyboard in Resources */ = {isa = PBXBuildFile; fileRef = 4D0D562A1CB37394008CB981 /* Main.storyboard */; };
		4D0D563E1CB3743A008CB981 /* ViewController.swift in Sources */ = {isa = PBXBuildFile; fileRef = 4D0D562D1CB37394008CB981 /* ViewController.swift */; };
		4D0D564B1CB37862008CB981 /* NetworkExtension.framework in Frameworks */ = {isa = PBXBuildFile; fileRef = 4D0D564A1CB37862008CB981 /* NetworkExtension.framework */; };
		4D0D564C1CB37893008CB981 /* NetworkExtension.framework in Frameworks */ = {isa = PBXBuildFile; fileRef = 4D0D564A1CB37862008CB981 /* NetworkExtension.framework */; };
		4D4A1DC71CD7C138003AF9AD /* SessionIdentifier.swift in Sources */ = {isa = PBXBuildFile; fileRef = 4D4A1DC41CD7C041003AF9AD /* SessionIdentifier.swift */; };
		4D4A1DC81CD7C139003AF9AD /* SessionIdentifier.swift in Sources */ = {isa = PBXBuildFile; fileRef = 4D4A1DC41CD7C041003AF9AD /* SessionIdentifier.swift */; };
		4D4A1DCA1CD7C38F003AF9AD /* DeserializationError.swift in Sources */ = {isa = PBXBuildFile; fileRef = 4D4A1DC91CD7C38F003AF9AD /* DeserializationError.swift */; };
		4D4A1DCB1CD7C38F003AF9AD /* DeserializationError.swift in Sources */ = {isa = PBXBuildFile; fileRef = 4D4A1DC91CD7C38F003AF9AD /* DeserializationError.swift */; };
		4D4A1DCC1CD7C38F003AF9AD /* DeserializationError.swift in Sources */ = {isa = PBXBuildFile; fileRef = 4D4A1DC91CD7C38F003AF9AD /* DeserializationError.swift */; };
		4D4B136C1CBB9FE1008EC7CD /* Burrow-iOS.entitlements in Resources */ = {isa = PBXBuildFile; fileRef = 4D4B136B1CBB9FE1008EC7CD /* Burrow-iOS.entitlements */; };
		4D4C41AB1CBB4C8C00055D86 /* PacketTunnelProvider.swift in Sources */ = {isa = PBXBuildFile; fileRef = 4D0D56361CB3739C008CB981 /* PacketTunnelProvider.swift */; };
		4D4C41AC1CBB4C8D00055D86 /* PacketTunnelProvider.swift in Sources */ = {isa = PBXBuildFile; fileRef = 4D0D56361CB3739C008CB981 /* PacketTunnelProvider.swift */; };
		4D4C41DE1CBB50C000055D86 /* Shovel.framework in Frameworks */ = {isa = PBXBuildFile; fileRef = 4D4C41D41CBB50C000055D86 /* Shovel.framework */; };
		4D4C41E31CBB50C000055D86 /* TXTRecordTests.swift in Sources */ = {isa = PBXBuildFile; fileRef = 4D4C41E21CBB50C000055D86 /* TXTRecordTests.swift */; };
		4D4C41F01CBB531400055D86 /* Shovel.h in Headers */ = {isa = PBXBuildFile; fileRef = 4D4C41EE1CBB52D500055D86 /* Shovel.h */; settings = {ATTRIBUTES = (Public, ); }; };
		4D4C42181CBB5B8000055D86 /* CResolver.xcconfig in Resources */ = {isa = PBXBuildFile; fileRef = 4D4C42171CBB5B8000055D86 /* CResolver.xcconfig */; };
		4D4C421F1CBB5F7600055D86 /* TXTRecord.swift in Sources */ = {isa = PBXBuildFile; fileRef = 4D4C421E1CBB5F7600055D86 /* TXTRecord.swift */; };
		4D4C42231CBB609400055D86 /* CResolver.framework in Frameworks */ = {isa = PBXBuildFile; fileRef = 4D4C420F1CBB5B5C00055D86 /* CResolver.framework */; settings = {ATTRIBUTES = (Required, ); }; };
		4D62BB711CFA458200F0A2C3 /* DNSServiceDiscovery.framework in Frameworks */ = {isa = PBXBuildFile; fileRef = 4D62BB6A1CFA458100F0A2C3 /* DNSServiceDiscovery.framework */; };
		4D62BB721CFA458200F0A2C3 /* DNSServiceDiscovery.framework in Embed Frameworks */ = {isa = PBXBuildFile; fileRef = 4D62BB6A1CFA458100F0A2C3 /* DNSServiceDiscovery.framework */; settings = {ATTRIBUTES = (CodeSignOnCopy, RemoveHeadersOnCopy, ); }; };
		4D62BB7A1CFA463300F0A2C3 /* DNSServiceDiscovery.xcconfig in Resources */ = {isa = PBXBuildFile; fileRef = 4D62BB761CFA463300F0A2C3 /* DNSServiceDiscovery.xcconfig */; };
		4D62BB7B1CFA74A000F0A2C3 /* DNSServiceDiscovery.framework in Frameworks */ = {isa = PBXBuildFile; fileRef = 4D62BB6A1CFA458100F0A2C3 /* DNSServiceDiscovery.framework */; };
		4D62BB7F1CFA795B00F0A2C3 /* DNSResolver.swift in Sources */ = {isa = PBXBuildFile; fileRef = 4D62BB7E1CFA795B00F0A2C3 /* DNSResolver.swift */; };
		4D62BB921CFACFB200F0A2C3 /* DNSServiceErrorCode.swift in Sources */ = {isa = PBXBuildFile; fileRef = 4D62BB911CFACFB200F0A2C3 /* DNSServiceErrorCode.swift */; };
		4D62BB951CFC108F00F0A2C3 /* Future.swift in Sources */ = {isa = PBXBuildFile; fileRef = 4D62BB941CFC108F00F0A2C3 /* Future.swift */; };
		4D62BB981CFC10A300F0A2C3 /* Resolver.swift in Sources */ = {isa = PBXBuildFile; fileRef = 4D62BB971CFC10A300F0A2C3 /* Resolver.swift */; };
		4D6768141CE994A30079E173 /* Result.swift in Sources */ = {isa = PBXBuildFile; fileRef = 4D6768131CE994A30079E173 /* Result.swift */; };
		4D6768161CE995160079E173 /* ServerError.swift in Sources */ = {isa = PBXBuildFile; fileRef = 4D6768151CE995160079E173 /* ServerError.swift */; };
		4D6B46141CE11738007ADB37 /* NETunnelProviderManager.swift in Sources */ = {isa = PBXBuildFile; fileRef = 4DCE66D41CE09D4300C9FBBC /* NETunnelProviderManager.swift */; };
		4D6B46151CE117DE007ADB37 /* NetworkExtension.framework in Frameworks */ = {isa = PBXBuildFile; fileRef = 4D0D564A1CB37862008CB981 /* NetworkExtension.framework */; };
		4D6E12511CE2CD9400A889C0 /* Shovel.framework in Embed Frameworks */ = {isa = PBXBuildFile; fileRef = 4D4C41D41CBB50C000055D86 /* Shovel.framework */; settings = {ATTRIBUTES = (CodeSignOnCopy, RemoveHeadersOnCopy, ); }; };
		4D6E12541CE2CE8F00A889C0 /* CResolver.framework in Embed Frameworks */ = {isa = PBXBuildFile; fileRef = 4D4C420F1CBB5B5C00055D86 /* CResolver.framework */; settings = {ATTRIBUTES = (CodeSignOnCopy, RemoveHeadersOnCopy, ); }; };
		4D77F9F11CD7D95400F2586C /* MessageType.swift in Sources */ = {isa = PBXBuildFile; fileRef = 4D77F9F01CD7D95400F2586C /* MessageType.swift */; };
		4D77F9F21CD7D95400F2586C /* MessageType.swift in Sources */ = {isa = PBXBuildFile; fileRef = 4D77F9F01CD7D95400F2586C /* MessageType.swift */; };
		4D77F9F51CD7DA1500F2586C /* ServerMessage.swift in Sources */ = {isa = PBXBuildFile; fileRef = 4D77F9F41CD7DA1500F2586C /* ServerMessage.swift */; };
		4D77F9F61CD7DA1500F2586C /* ServerMessage.swift in Sources */ = {isa = PBXBuildFile; fileRef = 4D77F9F41CD7DA1500F2586C /* ServerMessage.swift */; };
		4D77FA031CD7ED1E00F2586C /* SessionController.swift in Sources */ = {isa = PBXBuildFile; fileRef = 4D77FA021CD7ED1E00F2586C /* SessionController.swift */; };
		4D77FA041CD7ED1E00F2586C /* SessionController.swift in Sources */ = {isa = PBXBuildFile; fileRef = 4D77FA021CD7ED1E00F2586C /* SessionController.swift */; };
		4D97880A1CCDBD1700774E3F /* ClientMessage.swift in Sources */ = {isa = PBXBuildFile; fileRef = 4D9788091CCDBD1700774E3F /* ClientMessage.swift */; };
		4D97880B1CCDBD1700774E3F /* ClientMessage.swift in Sources */ = {isa = PBXBuildFile; fileRef = 4D9788091CCDBD1700774E3F /* ClientMessage.swift */; };
		4DAE80441CE2B4FD00735599 /* BurrowTunnel-iOS.appex in Embed App Extensions */ = {isa = PBXBuildFile; fileRef = 4D0D55F71CB372F3008CB981 /* BurrowTunnel-iOS.appex */; settings = {ATTRIBUTES = (RemoveHeadersOnCopy, ); }; };
		4DAE805B1CE2CBF200735599 /* Shovel.framework in Frameworks */ = {isa = PBXBuildFile; fileRef = 4D4C41D41CBB50C000055D86 /* Shovel.framework */; };
		4DBD0AA31CC465F6003BC82C /* TransmissionManager.swift in Sources */ = {isa = PBXBuildFile; fileRef = 4DBD0AA21CC465F6003BC82C /* TransmissionManager.swift */; };
		4DBD0AA51CC4ACD3003BC82C /* Domain.swift in Sources */ = {isa = PBXBuildFile; fileRef = 4DBD0AA41CC4ACD3003BC82C /* Domain.swift */; };
		4DBD0AA71CC4B66E003BC82C /* TransmissionTests.swift in Sources */ = {isa = PBXBuildFile; fileRef = 4DBD0AA61CC4B66E003BC82C /* TransmissionTests.swift */; };
		4DBD0AAE1CC4CA56003BC82C /* ShovelError.swift in Sources */ = {isa = PBXBuildFile; fileRef = 4DBD0AAD1CC4CA56003BC82C /* ShovelError.swift */; };
		4DCB4EC41CEEF71F006BC0AF /* Logger.h in Headers */ = {isa = PBXBuildFile; fileRef = 4DCB4EC31CEEF71F006BC0AF /* Logger.h */; settings = {ATTRIBUTES = (Public, ); }; };
		4DCB4ECA1CEEF734006BC0AF /* Logger.swift in Sources */ = {isa = PBXBuildFile; fileRef = 4DCB4EC91CEEF734006BC0AF /* Logger.swift */; };
		4DCB4ECB1CEF0CFF006BC0AF /* Logger.framework in Embed Frameworks */ = {isa = PBXBuildFile; fileRef = 4DCB4EC11CEEF71F006BC0AF /* Logger.framework */; settings = {ATTRIBUTES = (CodeSignOnCopy, RemoveHeadersOnCopy, ); }; };
		4DCB4ECC1CEF0DF5006BC0AF /* Logger.framework in Frameworks */ = {isa = PBXBuildFile; fileRef = 4DCB4EC11CEEF71F006BC0AF /* Logger.framework */; };
		4DCB4ECD1CEF0E41006BC0AF /* Logger.framework in Frameworks */ = {isa = PBXBuildFile; fileRef = 4DCB4EC11CEEF71F006BC0AF /* Logger.framework */; };
		4DCE66D11CE087EB00C9FBBC /* DomainPackagingMessage.swift in Sources */ = {isa = PBXBuildFile; fileRef = 4DCE66D01CE087EB00C9FBBC /* DomainPackagingMessage.swift */; };
		4DCE66D31CE0977700C9FBBC /* NetworkExtension.framework in Frameworks */ = {isa = PBXBuildFile; fileRef = 4DCE66D21CE0977700C9FBBC /* NetworkExtension.framework */; };
		4DCE66D51CE09D4300C9FBBC /* NETunnelProviderManager.swift in Sources */ = {isa = PBXBuildFile; fileRef = 4DCE66D41CE09D4300C9FBBC /* NETunnelProviderManager.swift */; };
/* End PBXBuildFile section */

/* Begin PBXContainerItemProxy section */
		4D0D55FE1CB372F3008CB981 /* PBXContainerItemProxy */ = {
			isa = PBXContainerItemProxy;
			containerPortal = 4D0D55C31CB3722F008CB981 /* Project object */;
			proxyType = 1;
			remoteGlobalIDString = 4D0D55F61CB372F3008CB981;
			remoteInfo = "BurrowTunnel-iOS";
		};
		4D0D56101CB37302008CB981 /* PBXContainerItemProxy */ = {
			isa = PBXContainerItemProxy;
			containerPortal = 4D0D55C31CB3722F008CB981 /* Project object */;
			proxyType = 1;
			remoteGlobalIDString = 4D0D56081CB37302008CB981;
			remoteInfo = "BurrowTunnel-Mac";
		};
		4D4C41DF1CBB50C000055D86 /* PBXContainerItemProxy */ = {
			isa = PBXContainerItemProxy;
			containerPortal = 4D0D55C31CB3722F008CB981 /* Project object */;
			proxyType = 1;
			remoteGlobalIDString = 4D4C41D31CBB50C000055D86;
			remoteInfo = Shovel;
		};
		4D4C42201CBB605F00055D86 /* PBXContainerItemProxy */ = {
			isa = PBXContainerItemProxy;
			containerPortal = 4D0D55C31CB3722F008CB981 /* Project object */;
			proxyType = 1;
			remoteGlobalIDString = 4D4C420E1CBB5B5C00055D86;
			remoteInfo = CResolver;
		};
		4D62BB6F1CFA458200F0A2C3 /* PBXContainerItemProxy */ = {
			isa = PBXContainerItemProxy;
			containerPortal = 4D0D55C31CB3722F008CB981 /* Project object */;
			proxyType = 1;
			remoteGlobalIDString = 4D62BB691CFA458100F0A2C3;
			remoteInfo = DNSServiceDiscovery;
		};
		4D62BB7C1CFA74B100F0A2C3 /* PBXContainerItemProxy */ = {
			isa = PBXContainerItemProxy;
			containerPortal = 4D0D55C31CB3722F008CB981 /* Project object */;
			proxyType = 1;
			remoteGlobalIDString = 4D62BB691CFA458100F0A2C3;
			remoteInfo = DNSServiceDiscovery;
		};
		4DCB4ECE1CEF110B006BC0AF /* PBXContainerItemProxy */ = {
			isa = PBXContainerItemProxy;
			containerPortal = 4D0D55C31CB3722F008CB981 /* Project object */;
			proxyType = 1;
			remoteGlobalIDString = 4D4C41D31CBB50C000055D86;
			remoteInfo = Shovel;
		};
		4DCB4ED01CEF110B006BC0AF /* PBXContainerItemProxy */ = {
			isa = PBXContainerItemProxy;
			containerPortal = 4D0D55C31CB3722F008CB981 /* Project object */;
			proxyType = 1;
			remoteGlobalIDString = 4DCB4EC01CEEF71F006BC0AF;
			remoteInfo = Logger;
		};
		4DCB4ED21CEF1117006BC0AF /* PBXContainerItemProxy */ = {
			isa = PBXContainerItemProxy;
			containerPortal = 4D0D55C31CB3722F008CB981 /* Project object */;
			proxyType = 1;
			remoteGlobalIDString = 4DCB4EC01CEEF71F006BC0AF;
			remoteInfo = Logger;
		};
/* End PBXContainerItemProxy section */

/* Begin PBXCopyFilesBuildPhase section */
		4D0D56041CB372F3008CB981 /* Embed App Extensions */ = {
			isa = PBXCopyFilesBuildPhase;
			buildActionMask = 2147483647;
			dstPath = "";
			dstSubfolderSpec = 13;
			files = (
				4DAE80441CE2B4FD00735599 /* BurrowTunnel-iOS.appex in Embed App Extensions */,
			);
			name = "Embed App Extensions";
			runOnlyForDeploymentPostprocessing = 0;
		};
		4D0D56161CB37302008CB981 /* Embed App Extensions */ = {
			isa = PBXCopyFilesBuildPhase;
			buildActionMask = 2147483647;
			dstPath = "";
			dstSubfolderSpec = 13;
			files = (
				4D0D56121CB37302008CB981 /* BurrowTunnel-Mac.appex in Embed App Extensions */,
			);
			name = "Embed App Extensions";
			runOnlyForDeploymentPostprocessing = 0;
		};
		4D4C42091CBB5B4000055D86 /* Embed Frameworks */ = {
			isa = PBXCopyFilesBuildPhase;
			buildActionMask = 2147483647;
			dstPath = "";
			dstSubfolderSpec = 10;
			files = (
				4DCB4ECB1CEF0CFF006BC0AF /* Logger.framework in Embed Frameworks */,
				4D6E12541CE2CE8F00A889C0 /* CResolver.framework in Embed Frameworks */,
				4D6E12511CE2CD9400A889C0 /* Shovel.framework in Embed Frameworks */,
				4D62BB721CFA458200F0A2C3 /* DNSServiceDiscovery.framework in Embed Frameworks */,
			);
			name = "Embed Frameworks";
			runOnlyForDeploymentPostprocessing = 0;
		};
/* End PBXCopyFilesBuildPhase section */

/* Begin PBXFileReference section */
		4D0D55CD1CB37274008CB981 /* Burrow.app */ = {isa = PBXFileReference; explicitFileType = wrapper.application; includeInIndex = 0; path = Burrow.app; sourceTree = BUILT_PRODUCTS_DIR; };
		4D0D55E41CB37297008CB981 /* Burrow.app */ = {isa = PBXFileReference; explicitFileType = wrapper.application; includeInIndex = 0; path = Burrow.app; sourceTree = BUILT_PRODUCTS_DIR; };
		4D0D55F71CB372F3008CB981 /* BurrowTunnel-iOS.appex */ = {isa = PBXFileReference; explicitFileType = "wrapper.app-extension"; includeInIndex = 0; path = "BurrowTunnel-iOS.appex"; sourceTree = BUILT_PRODUCTS_DIR; };
		4D0D56091CB37302008CB981 /* BurrowTunnel-Mac.appex */ = {isa = PBXFileReference; explicitFileType = "wrapper.app-extension"; includeInIndex = 0; path = "BurrowTunnel-Mac.appex"; sourceTree = BUILT_PRODUCTS_DIR; };
		4D0D56191CB37390008CB981 /* AppDelegate.swift */ = {isa = PBXFileReference; fileEncoding = 4; lastKnownFileType = sourcecode.swift; path = AppDelegate.swift; sourceTree = "<group>"; };
		4D0D561A1CB37390008CB981 /* Assets.xcassets */ = {isa = PBXFileReference; lastKnownFileType = folder.assetcatalog; path = Assets.xcassets; sourceTree = "<group>"; };
		4D0D561C1CB37390008CB981 /* Base */ = {isa = PBXFileReference; lastKnownFileType = file.storyboard; name = Base; path = Base.lproj/LaunchScreen.storyboard; sourceTree = "<group>"; };
		4D0D561E1CB37390008CB981 /* Base */ = {isa = PBXFileReference; lastKnownFileType = file.storyboard; name = Base; path = Base.lproj/Main.storyboard; sourceTree = "<group>"; };
		4D0D561F1CB37390008CB981 /* Info.plist */ = {isa = PBXFileReference; fileEncoding = 4; lastKnownFileType = text.plist.xml; path = Info.plist; sourceTree = "<group>"; };
		4D0D56201CB37390008CB981 /* ViewController.swift */ = {isa = PBXFileReference; fileEncoding = 4; lastKnownFileType = sourcecode.swift; path = ViewController.swift; sourceTree = "<group>"; };
		4D0D56281CB37394008CB981 /* AppDelegate.swift */ = {isa = PBXFileReference; fileEncoding = 4; lastKnownFileType = sourcecode.swift; path = AppDelegate.swift; sourceTree = "<group>"; };
		4D0D56291CB37394008CB981 /* Assets.xcassets */ = {isa = PBXFileReference; lastKnownFileType = folder.assetcatalog; path = Assets.xcassets; sourceTree = "<group>"; };
		4D0D562B1CB37394008CB981 /* Base */ = {isa = PBXFileReference; lastKnownFileType = file.storyboard; name = Base; path = Base.lproj/Main.storyboard; sourceTree = "<group>"; };
		4D0D562C1CB37394008CB981 /* Info.plist */ = {isa = PBXFileReference; fileEncoding = 4; lastKnownFileType = text.plist.xml; path = Info.plist; sourceTree = "<group>"; };
		4D0D562D1CB37394008CB981 /* ViewController.swift */ = {isa = PBXFileReference; fileEncoding = 4; lastKnownFileType = sourcecode.swift; path = ViewController.swift; sourceTree = "<group>"; };
		4D0D56351CB3739C008CB981 /* Info.plist */ = {isa = PBXFileReference; fileEncoding = 4; lastKnownFileType = text.plist.xml; path = Info.plist; sourceTree = "<group>"; };
		4D0D56361CB3739C008CB981 /* PacketTunnelProvider.swift */ = {isa = PBXFileReference; fileEncoding = 4; lastKnownFileType = sourcecode.swift; path = PacketTunnelProvider.swift; sourceTree = "<group>"; };
		4D0D564A1CB37862008CB981 /* NetworkExtension.framework */ = {isa = PBXFileReference; lastKnownFileType = wrapper.framework; name = NetworkExtension.framework; path = System/Library/Frameworks/NetworkExtension.framework; sourceTree = SDKROOT; };
		4D4A1DC41CD7C041003AF9AD /* SessionIdentifier.swift */ = {isa = PBXFileReference; fileEncoding = 4; lastKnownFileType = sourcecode.swift; path = SessionIdentifier.swift; sourceTree = "<group>"; };
		4D4A1DC91CD7C38F003AF9AD /* DeserializationError.swift */ = {isa = PBXFileReference; fileEncoding = 4; lastKnownFileType = sourcecode.swift; name = DeserializationError.swift; path = ../Shovel/DeserializationError.swift; sourceTree = "<group>"; };
		4D4B136B1CBB9FE1008EC7CD /* Burrow-iOS.entitlements */ = {isa = PBXFileReference; fileEncoding = 4; lastKnownFileType = text.xml; path = "Burrow-iOS.entitlements"; sourceTree = "<group>"; };
		4D4B136D1CBB9FE9008EC7CD /* Burrow-Mac.entitlements */ = {isa = PBXFileReference; fileEncoding = 4; lastKnownFileType = text.xml; path = "Burrow-Mac.entitlements"; sourceTree = "<group>"; };
		4D4B136F1CBBA00B008EC7CD /* BurrowTunnel-Extension-Mac.entitlements */ = {isa = PBXFileReference; fileEncoding = 4; lastKnownFileType = text.xml; path = "BurrowTunnel-Extension-Mac.entitlements"; sourceTree = "<group>"; };
		4D4C41D41CBB50C000055D86 /* Shovel.framework */ = {isa = PBXFileReference; explicitFileType = wrapper.framework; includeInIndex = 0; path = Shovel.framework; sourceTree = BUILT_PRODUCTS_DIR; };
		4D4C41D81CBB50C000055D86 /* Info.plist */ = {isa = PBXFileReference; lastKnownFileType = text.plist.xml; path = Info.plist; sourceTree = "<group>"; };
		4D4C41DD1CBB50C000055D86 /* ShovelTests.xctest */ = {isa = PBXFileReference; explicitFileType = wrapper.cfbundle; includeInIndex = 0; path = ShovelTests.xctest; sourceTree = BUILT_PRODUCTS_DIR; };
		4D4C41E21CBB50C000055D86 /* TXTRecordTests.swift */ = {isa = PBXFileReference; lastKnownFileType = sourcecode.swift; path = TXTRecordTests.swift; sourceTree = "<group>"; };
		4D4C41E41CBB50C000055D86 /* Info.plist */ = {isa = PBXFileReference; lastKnownFileType = text.plist.xml; path = Info.plist; sourceTree = "<group>"; };
		4D4C41EE1CBB52D500055D86 /* Shovel.h */ = {isa = PBXFileReference; fileEncoding = 4; lastKnownFileType = sourcecode.c.h; path = Shovel.h; sourceTree = "<group>"; };
		4D4C420F1CBB5B5C00055D86 /* CResolver.framework */ = {isa = PBXFileReference; explicitFileType = wrapper.framework; includeInIndex = 0; path = CResolver.framework; sourceTree = BUILT_PRODUCTS_DIR; };
		4D4C42131CBB5B5D00055D86 /* Info.plist */ = {isa = PBXFileReference; lastKnownFileType = text.plist.xml; path = Info.plist; sourceTree = "<group>"; };
		4D4C42171CBB5B8000055D86 /* CResolver.xcconfig */ = {isa = PBXFileReference; fileEncoding = 4; lastKnownFileType = text.xcconfig; path = CResolver.xcconfig; sourceTree = "<group>"; };
		4D4C42191CBB5BCD00055D86 /* iphoneos.modulemap */ = {isa = PBXFileReference; fileEncoding = 4; lastKnownFileType = "sourcecode.module-map"; path = iphoneos.modulemap; sourceTree = "<group>"; };
		4D4C421A1CBB5BE600055D86 /* iphonesimulator.modulemap */ = {isa = PBXFileReference; fileEncoding = 4; lastKnownFileType = "sourcecode.module-map"; path = iphonesimulator.modulemap; sourceTree = "<group>"; };
		4D4C421B1CBB5BE600055D86 /* macosx.modulemap */ = {isa = PBXFileReference; fileEncoding = 4; lastKnownFileType = "sourcecode.module-map"; path = macosx.modulemap; sourceTree = "<group>"; };
		4D4C421C1CBB5D4100055D86 /* libresolv.tbd */ = {isa = PBXFileReference; lastKnownFileType = "sourcecode.text-based-dylib-definition"; name = libresolv.tbd; path = Platforms/iPhoneOS.platform/Developer/SDKs/iPhoneOS9.3.sdk/usr/lib/libresolv.tbd; sourceTree = DEVELOPER_DIR; };
		4D4C421E1CBB5F7600055D86 /* TXTRecord.swift */ = {isa = PBXFileReference; fileEncoding = 4; lastKnownFileType = sourcecode.swift; path = TXTRecord.swift; sourceTree = "<group>"; };
		4D62BB6A1CFA458100F0A2C3 /* DNSServiceDiscovery.framework */ = {isa = PBXFileReference; explicitFileType = wrapper.framework; includeInIndex = 0; path = DNSServiceDiscovery.framework; sourceTree = BUILT_PRODUCTS_DIR; };
		4D62BB6C1CFA458200F0A2C3 /* DNSServiceDiscovery.h */ = {isa = PBXFileReference; lastKnownFileType = sourcecode.c.h; path = DNSServiceDiscovery.h; sourceTree = "<group>"; };
		4D62BB6E1CFA458200F0A2C3 /* Info.plist */ = {isa = PBXFileReference; lastKnownFileType = text.plist.xml; path = Info.plist; sourceTree = "<group>"; };
		4D62BB761CFA463300F0A2C3 /* DNSServiceDiscovery.xcconfig */ = {isa = PBXFileReference; fileEncoding = 4; lastKnownFileType = text.xcconfig; path = DNSServiceDiscovery.xcconfig; sourceTree = "<group>"; };
		4D62BB771CFA463300F0A2C3 /* iphoneos.modulemap */ = {isa = PBXFileReference; fileEncoding = 4; lastKnownFileType = "sourcecode.module-map"; path = iphoneos.modulemap; sourceTree = "<group>"; };
		4D62BB781CFA463300F0A2C3 /* iphonesimulator.modulemap */ = {isa = PBXFileReference; fileEncoding = 4; lastKnownFileType = "sourcecode.module-map"; path = iphonesimulator.modulemap; sourceTree = "<group>"; };
		4D62BB791CFA463300F0A2C3 /* macosx.modulemap */ = {isa = PBXFileReference; fileEncoding = 4; lastKnownFileType = "sourcecode.module-map"; path = macosx.modulemap; sourceTree = "<group>"; };
		4D62BB7E1CFA795B00F0A2C3 /* DNSResolver.swift */ = {isa = PBXFileReference; fileEncoding = 4; lastKnownFileType = sourcecode.swift; path = DNSResolver.swift; sourceTree = "<group>"; };
		4D62BB911CFACFB200F0A2C3 /* DNSServiceErrorCode.swift */ = {isa = PBXFileReference; fileEncoding = 4; lastKnownFileType = sourcecode.swift; path = DNSServiceErrorCode.swift; sourceTree = "<group>"; };
		4D62BB941CFC108F00F0A2C3 /* Future.swift */ = {isa = PBXFileReference; fileEncoding = 4; lastKnownFileType = sourcecode.swift; path = Future.swift; sourceTree = "<group>"; };
		4D62BB971CFC10A300F0A2C3 /* Resolver.swift */ = {isa = PBXFileReference; fileEncoding = 4; lastKnownFileType = sourcecode.swift; path = Resolver.swift; sourceTree = "<group>"; };
		4D6768131CE994A30079E173 /* Result.swift */ = {isa = PBXFileReference; fileEncoding = 4; lastKnownFileType = sourcecode.swift; path = Result.swift; sourceTree = "<group>"; };
		4D6768151CE995160079E173 /* ServerError.swift */ = {isa = PBXFileReference; fileEncoding = 4; lastKnownFileType = sourcecode.swift; path = ServerError.swift; sourceTree = "<group>"; };
		4D77F9F01CD7D95400F2586C /* MessageType.swift */ = {isa = PBXFileReference; fileEncoding = 4; lastKnownFileType = sourcecode.swift; path = MessageType.swift; sourceTree = "<group>"; };
		4D77F9F41CD7DA1500F2586C /* ServerMessage.swift */ = {isa = PBXFileReference; fileEncoding = 4; lastKnownFileType = sourcecode.swift; path = ServerMessage.swift; sourceTree = "<group>"; };
		4D77FA021CD7ED1E00F2586C /* SessionController.swift */ = {isa = PBXFileReference; fileEncoding = 4; lastKnownFileType = sourcecode.swift; path = SessionController.swift; sourceTree = "<group>"; };
		4D77FA081CD81C1D00F2586C /* BurrowTunnel-iOS.entitlements */ = {isa = PBXFileReference; lastKnownFileType = text.xml; name = "BurrowTunnel-iOS.entitlements"; path = "../BurrowTunnel-iOS.entitlements"; sourceTree = "<group>"; };
		4D9788091CCDBD1700774E3F /* ClientMessage.swift */ = {isa = PBXFileReference; fileEncoding = 4; lastKnownFileType = sourcecode.swift; path = ClientMessage.swift; sourceTree = "<group>"; };
		4DBD0AA21CC465F6003BC82C /* TransmissionManager.swift */ = {isa = PBXFileReference; fileEncoding = 4; lastKnownFileType = sourcecode.swift; path = TransmissionManager.swift; sourceTree = "<group>"; };
		4DBD0AA41CC4ACD3003BC82C /* Domain.swift */ = {isa = PBXFileReference; fileEncoding = 4; lastKnownFileType = sourcecode.swift; path = Domain.swift; sourceTree = "<group>"; };
		4DBD0AA61CC4B66E003BC82C /* TransmissionTests.swift */ = {isa = PBXFileReference; fileEncoding = 4; lastKnownFileType = sourcecode.swift; path = TransmissionTests.swift; sourceTree = "<group>"; };
		4DBD0AAD1CC4CA56003BC82C /* ShovelError.swift */ = {isa = PBXFileReference; fileEncoding = 4; lastKnownFileType = sourcecode.swift; path = ShovelError.swift; sourceTree = "<group>"; };
		4DCB4EC11CEEF71F006BC0AF /* Logger.framework */ = {isa = PBXFileReference; explicitFileType = wrapper.framework; includeInIndex = 0; path = Logger.framework; sourceTree = BUILT_PRODUCTS_DIR; };
		4DCB4EC31CEEF71F006BC0AF /* Logger.h */ = {isa = PBXFileReference; lastKnownFileType = sourcecode.c.h; path = Logger.h; sourceTree = "<group>"; };
		4DCB4EC51CEEF71F006BC0AF /* Info.plist */ = {isa = PBXFileReference; lastKnownFileType = text.plist.xml; path = Info.plist; sourceTree = "<group>"; };
		4DCB4EC91CEEF734006BC0AF /* Logger.swift */ = {isa = PBXFileReference; fileEncoding = 4; lastKnownFileType = sourcecode.swift; path = Logger.swift; sourceTree = "<group>"; };
		4DCE66D01CE087EB00C9FBBC /* DomainPackagingMessage.swift */ = {isa = PBXFileReference; fileEncoding = 4; lastKnownFileType = sourcecode.swift; path = DomainPackagingMessage.swift; sourceTree = "<group>"; };
		4DCE66D21CE0977700C9FBBC /* NetworkExtension.framework */ = {isa = PBXFileReference; lastKnownFileType = wrapper.framework; name = NetworkExtension.framework; path = Platforms/iPhoneOS.platform/Developer/SDKs/iPhoneOS9.3.sdk/System/Library/Frameworks/NetworkExtension.framework; sourceTree = DEVELOPER_DIR; };
		4DCE66D41CE09D4300C9FBBC /* NETunnelProviderManager.swift */ = {isa = PBXFileReference; fileEncoding = 4; lastKnownFileType = sourcecode.swift; path = NETunnelProviderManager.swift; sourceTree = "<group>"; };
/* End PBXFileReference section */

/* Begin PBXFrameworksBuildPhase section */
		4D0D55CA1CB37274008CB981 /* Frameworks */ = {
			isa = PBXFrameworksBuildPhase;
			buildActionMask = 2147483647;
			files = (
				4D0D564C1CB37893008CB981 /* NetworkExtension.framework in Frameworks */,
				4D62BB711CFA458200F0A2C3 /* DNSServiceDiscovery.framework in Frameworks */,
			);
			runOnlyForDeploymentPostprocessing = 0;
		};
		4D0D55E11CB37297008CB981 /* Frameworks */ = {
			isa = PBXFrameworksBuildPhase;
			buildActionMask = 2147483647;
			files = (
				4D0D564B1CB37862008CB981 /* NetworkExtension.framework in Frameworks */,
			);
			runOnlyForDeploymentPostprocessing = 0;
		};
		4D0D55F41CB372F3008CB981 /* Frameworks */ = {
			isa = PBXFrameworksBuildPhase;
			buildActionMask = 2147483647;
			files = (
				4DCB4ECC1CEF0DF5006BC0AF /* Logger.framework in Frameworks */,
				4DAE805B1CE2CBF200735599 /* Shovel.framework in Frameworks */,
				4DCE66D31CE0977700C9FBBC /* NetworkExtension.framework in Frameworks */,
			);
			runOnlyForDeploymentPostprocessing = 0;
		};
		4D0D56061CB37302008CB981 /* Frameworks */ = {
			isa = PBXFrameworksBuildPhase;
			buildActionMask = 2147483647;
			files = (
				4D6B46151CE117DE007ADB37 /* NetworkExtension.framework in Frameworks */,
			);
			runOnlyForDeploymentPostprocessing = 0;
		};
		4D4C41D01CBB50C000055D86 /* Frameworks */ = {
			isa = PBXFrameworksBuildPhase;
			buildActionMask = 2147483647;
			files = (
				4D62BB7B1CFA74A000F0A2C3 /* DNSServiceDiscovery.framework in Frameworks */,
				4DCB4ECD1CEF0E41006BC0AF /* Logger.framework in Frameworks */,
				4D4C42231CBB609400055D86 /* CResolver.framework in Frameworks */,
			);
			runOnlyForDeploymentPostprocessing = 0;
		};
		4D4C41DA1CBB50C000055D86 /* Frameworks */ = {
			isa = PBXFrameworksBuildPhase;
			buildActionMask = 2147483647;
			files = (
				4D4C41DE1CBB50C000055D86 /* Shovel.framework in Frameworks */,
			);
			runOnlyForDeploymentPostprocessing = 0;
		};
		4D4C420B1CBB5B5C00055D86 /* Frameworks */ = {
			isa = PBXFrameworksBuildPhase;
			buildActionMask = 2147483647;
			files = (
			);
			runOnlyForDeploymentPostprocessing = 0;
		};
		4D62BB661CFA458100F0A2C3 /* Frameworks */ = {
			isa = PBXFrameworksBuildPhase;
			buildActionMask = 2147483647;
			files = (
			);
			runOnlyForDeploymentPostprocessing = 0;
		};
		4DCB4EBD1CEEF71F006BC0AF /* Frameworks */ = {
			isa = PBXFrameworksBuildPhase;
			buildActionMask = 2147483647;
			files = (
			);
			runOnlyForDeploymentPostprocessing = 0;
		};
/* End PBXFrameworksBuildPhase section */

/* Begin PBXGroup section */
		4D0D55C21CB3722F008CB981 = {
			isa = PBXGroup;
			children = (
				4D0D56181CB37390008CB981 /* iOS */,
				4D0D56271CB37394008CB981 /* Mac */,
				4D0D56331CB3739C008CB981 /* Extension */,
				4D4C41D51CBB50C000055D86 /* Shovel */,
				4D4C41E11CBB50C000055D86 /* ShovelTests */,
				4DCB4EC21CEEF71F006BC0AF /* Logger */,
				4D4C42101CBB5B5D00055D86 /* CResolver */,
				4D62BB6B1CFA458200F0A2C3 /* DNSServiceDiscovery */,
				4D0D564D1CB3789C008CB981 /* Frameworks */,
				4D0D55CE1CB37274008CB981 /* Products */,
			);
			sourceTree = "<group>";
		};
		4D0D55CE1CB37274008CB981 /* Products */ = {
			isa = PBXGroup;
			children = (
				4D0D55CD1CB37274008CB981 /* Burrow.app */,
				4D0D55E41CB37297008CB981 /* Burrow.app */,
				4D0D55F71CB372F3008CB981 /* BurrowTunnel-iOS.appex */,
				4D0D56091CB37302008CB981 /* BurrowTunnel-Mac.appex */,
				4D4C41D41CBB50C000055D86 /* Shovel.framework */,
				4D4C41DD1CBB50C000055D86 /* ShovelTests.xctest */,
				4D4C420F1CBB5B5C00055D86 /* CResolver.framework */,
				4DCB4EC11CEEF71F006BC0AF /* Logger.framework */,
				4D62BB6A1CFA458100F0A2C3 /* DNSServiceDiscovery.framework */,
			);
			name = Products;
			sourceTree = "<group>";
		};
		4D0D56181CB37390008CB981 /* iOS */ = {
			isa = PBXGroup;
			children = (
				4D0D56191CB37390008CB981 /* AppDelegate.swift */,
				4D0D56201CB37390008CB981 /* ViewController.swift */,
				4DCE66D41CE09D4300C9FBBC /* NETunnelProviderManager.swift */,
				4D0D561D1CB37390008CB981 /* Main.storyboard */,
				4D0D564E1CB378B3008CB981 /* Supporting Files */,
			);
			path = iOS;
			sourceTree = "<group>";
		};
		4D0D56271CB37394008CB981 /* Mac */ = {
			isa = PBXGroup;
			children = (
				4D0D56281CB37394008CB981 /* AppDelegate.swift */,
				4D0D562D1CB37394008CB981 /* ViewController.swift */,
				4D0D562A1CB37394008CB981 /* Main.storyboard */,
				4D0D564F1CB378C3008CB981 /* Supporting Files */,
			);
			path = Mac;
			sourceTree = SOURCE_ROOT;
		};
		4D0D56331CB3739C008CB981 /* Extension */ = {
			isa = PBXGroup;
			children = (
				4D0D56361CB3739C008CB981 /* PacketTunnelProvider.swift */,
				4D77F9F31CD7D9E300F2586C /* Communication */,
				4D0D56501CB3798F008CB981 /* Supporting Files */,
			);
			path = Extension;
			sourceTree = "<group>";
		};
		4D0D564D1CB3789C008CB981 /* Frameworks */ = {
			isa = PBXGroup;
			children = (
				4DCE66D21CE0977700C9FBBC /* NetworkExtension.framework */,
				4D4C421C1CBB5D4100055D86 /* libresolv.tbd */,
				4D0D564A1CB37862008CB981 /* NetworkExtension.framework */,
			);
			name = Frameworks;
			sourceTree = "<group>";
		};
		4D0D564E1CB378B3008CB981 /* Supporting Files */ = {
			isa = PBXGroup;
			children = (
				4D0D561B1CB37390008CB981 /* LaunchScreen.storyboard */,
				4D0D561A1CB37390008CB981 /* Assets.xcassets */,
				4D0D561F1CB37390008CB981 /* Info.plist */,
				4D4B136B1CBB9FE1008EC7CD /* Burrow-iOS.entitlements */,
			);
			name = "Supporting Files";
			sourceTree = "<group>";
		};
		4D0D564F1CB378C3008CB981 /* Supporting Files */ = {
			isa = PBXGroup;
			children = (
				4D0D56291CB37394008CB981 /* Assets.xcassets */,
				4D0D562C1CB37394008CB981 /* Info.plist */,
				4D4B136D1CBB9FE9008EC7CD /* Burrow-Mac.entitlements */,
			);
			name = "Supporting Files";
			sourceTree = "<group>";
		};
		4D0D56501CB3798F008CB981 /* Supporting Files */ = {
			isa = PBXGroup;
			children = (
				4D77FA081CD81C1D00F2586C /* BurrowTunnel-iOS.entitlements */,
				4D4B136F1CBBA00B008EC7CD /* BurrowTunnel-Extension-Mac.entitlements */,
				4D0D56351CB3739C008CB981 /* Info.plist */,
			);
			name = "Supporting Files";
			sourceTree = "<group>";
		};
		4D4C41D51CBB50C000055D86 /* Shovel */ = {
			isa = PBXGroup;
			children = (
				4D4C41EE1CBB52D500055D86 /* Shovel.h */,
				4DBD0AA41CC4ACD3003BC82C /* Domain.swift */,
				4DBD0AA21CC465F6003BC82C /* TransmissionManager.swift */,
				4DCE66D01CE087EB00C9FBBC /* DomainPackagingMessage.swift */,
				4D62BB7E1CFA795B00F0A2C3 /* DNSResolver.swift */,
				4D4C421E1CBB5F7600055D86 /* TXTRecord.swift */,
				4D62BB961CFC109200F0A2C3 /* Futures */,
				4D62BB931CFACFBA00F0A2C3 /* Error Handling */,
				4D4C41D81CBB50C000055D86 /* Info.plist */,
			);
			path = Shovel;
			sourceTree = "<group>";
		};
		4D4C41E11CBB50C000055D86 /* ShovelTests */ = {
			isa = PBXGroup;
			children = (
				4D4C41E21CBB50C000055D86 /* TXTRecordTests.swift */,
				4DBD0AA61CC4B66E003BC82C /* TransmissionTests.swift */,
				4D4C41E41CBB50C000055D86 /* Info.plist */,
			);
			path = ShovelTests;
			sourceTree = "<group>";
		};
		4D4C42101CBB5B5D00055D86 /* CResolver */ = {
			isa = PBXGroup;
			children = (
				4D4C42171CBB5B8000055D86 /* CResolver.xcconfig */,
				4D4C42191CBB5BCD00055D86 /* iphoneos.modulemap */,
				4D4C421A1CBB5BE600055D86 /* iphonesimulator.modulemap */,
				4D4C421B1CBB5BE600055D86 /* macosx.modulemap */,
				4D4C42131CBB5B5D00055D86 /* Info.plist */,
			);
			path = CResolver;
			sourceTree = "<group>";
		};
		4D62BB6B1CFA458200F0A2C3 /* DNSServiceDiscovery */ = {
			isa = PBXGroup;
			children = (
				4D62BB761CFA463300F0A2C3 /* DNSServiceDiscovery.xcconfig */,
				4D62BB771CFA463300F0A2C3 /* iphoneos.modulemap */,
				4D62BB781CFA463300F0A2C3 /* iphonesimulator.modulemap */,
				4D62BB791CFA463300F0A2C3 /* macosx.modulemap */,
				4D62BB6C1CFA458200F0A2C3 /* DNSServiceDiscovery.h */,
				4D62BB6E1CFA458200F0A2C3 /* Info.plist */,
			);
			path = DNSServiceDiscovery;
			sourceTree = "<group>";
		};
		4D62BB931CFACFBA00F0A2C3 /* Error Handling */ = {
			isa = PBXGroup;
			children = (
				4DBD0AAD1CC4CA56003BC82C /* ShovelError.swift */,
				4D62BB911CFACFB200F0A2C3 /* DNSServiceErrorCode.swift */,
				4D6768131CE994A30079E173 /* Result.swift */,
			);
			name = "Error Handling";
			sourceTree = "<group>";
		};
		4D62BB961CFC109200F0A2C3 /* Futures */ = {
			isa = PBXGroup;
			children = (
				4D62BB971CFC10A300F0A2C3 /* Resolver.swift */,
				4D62BB941CFC108F00F0A2C3 /* Future.swift */,
			);
			name = Futures;
			sourceTree = "<group>";
		};
		4D77F9F31CD7D9E300F2586C /* Communication */ = {
			isa = PBXGroup;
			children = (
				4D77FA021CD7ED1E00F2586C /* SessionController.swift */,
				4D4A1DC41CD7C041003AF9AD /* SessionIdentifier.swift */,
				4D77FA071CD7F77D00F2586C /* Messages */,
				4D77F9FA1CD7DB5000F2586C /* Errors */,
			);
			name = Communication;
			sourceTree = "<group>";
		};
		4D77F9FA1CD7DB5000F2586C /* Errors */ = {
			isa = PBXGroup;
			children = (
				4D4A1DC91CD7C38F003AF9AD /* DeserializationError.swift */,
				4D6768151CE995160079E173 /* ServerError.swift */,
			);
			name = Errors;
			sourceTree = "<group>";
		};
		4D77FA071CD7F77D00F2586C /* Messages */ = {
			isa = PBXGroup;
			children = (
				4D77F9F01CD7D95400F2586C /* MessageType.swift */,
				4D9788091CCDBD1700774E3F /* ClientMessage.swift */,
				4D77F9F41CD7DA1500F2586C /* ServerMessage.swift */,
			);
			name = Messages;
			sourceTree = "<group>";
		};
		4DCB4EC21CEEF71F006BC0AF /* Logger */ = {
			isa = PBXGroup;
			children = (
				4DCB4EC31CEEF71F006BC0AF /* Logger.h */,
				4DCB4EC91CEEF734006BC0AF /* Logger.swift */,
				4DCB4EC51CEEF71F006BC0AF /* Info.plist */,
			);
			path = Logger;
			sourceTree = "<group>";
		};
/* End PBXGroup section */

/* Begin PBXHeadersBuildPhase section */
		4D4C41D11CBB50C000055D86 /* Headers */ = {
			isa = PBXHeadersBuildPhase;
			buildActionMask = 2147483647;
			files = (
				4D4C41F01CBB531400055D86 /* Shovel.h in Headers */,
			);
			runOnlyForDeploymentPostprocessing = 0;
		};
		4D4C420C1CBB5B5C00055D86 /* Headers */ = {
			isa = PBXHeadersBuildPhase;
			buildActionMask = 2147483647;
			files = (
			);
			runOnlyForDeploymentPostprocessing = 0;
		};
		4D62BB671CFA458100F0A2C3 /* Headers */ = {
			isa = PBXHeadersBuildPhase;
			buildActionMask = 2147483647;
			files = (
			);
			runOnlyForDeploymentPostprocessing = 0;
		};
		4DCB4EBE1CEEF71F006BC0AF /* Headers */ = {
			isa = PBXHeadersBuildPhase;
			buildActionMask = 2147483647;
			files = (
				4DCB4EC41CEEF71F006BC0AF /* Logger.h in Headers */,
			);
			runOnlyForDeploymentPostprocessing = 0;
		};
/* End PBXHeadersBuildPhase section */

/* Begin PBXNativeTarget section */
		4D0D55CC1CB37274008CB981 /* Burrow-iOS */ = {
			isa = PBXNativeTarget;
			buildConfigurationList = 4D0D55DD1CB37274008CB981 /* Build configuration list for PBXNativeTarget "Burrow-iOS" */;
			buildPhases = (
				4D0D55C91CB37274008CB981 /* Sources */,
				4D0D55CA1CB37274008CB981 /* Frameworks */,
				4D0D55CB1CB37274008CB981 /* Resources */,
				4D0D56041CB372F3008CB981 /* Embed App Extensions */,
				4D4C42091CBB5B4000055D86 /* Embed Frameworks */,
			);
			buildRules = (
			);
			dependencies = (
				4D0D55FF1CB372F3008CB981 /* PBXTargetDependency */,
				4D62BB701CFA458200F0A2C3 /* PBXTargetDependency */,
			);
			name = "Burrow-iOS";
			productName = "Burrow-iOS";
			productReference = 4D0D55CD1CB37274008CB981 /* Burrow.app */;
			productType = "com.apple.product-type.application";
		};
		4D0D55E31CB37297008CB981 /* Burrow-Mac */ = {
			isa = PBXNativeTarget;
			buildConfigurationList = 4D0D55F01CB37297008CB981 /* Build configuration list for PBXNativeTarget "Burrow-Mac" */;
			buildPhases = (
				4D0D55E01CB37297008CB981 /* Sources */,
				4D0D55E11CB37297008CB981 /* Frameworks */,
				4D0D55E21CB37297008CB981 /* Resources */,
				4D0D56161CB37302008CB981 /* Embed App Extensions */,
			);
			buildRules = (
			);
			dependencies = (
				4D0D56111CB37302008CB981 /* PBXTargetDependency */,
			);
			name = "Burrow-Mac";
			productName = "Burrow-Mac";
			productReference = 4D0D55E41CB37297008CB981 /* Burrow.app */;
			productType = "com.apple.product-type.application";
		};
		4D0D55F61CB372F3008CB981 /* BurrowTunnel-iOS */ = {
			isa = PBXNativeTarget;
			buildConfigurationList = 4D0D56011CB372F3008CB981 /* Build configuration list for PBXNativeTarget "BurrowTunnel-iOS" */;
			buildPhases = (
				4D0D55F31CB372F3008CB981 /* Sources */,
				4D0D55F41CB372F3008CB981 /* Frameworks */,
				4D0D55F51CB372F3008CB981 /* Resources */,
			);
			buildRules = (
			);
			dependencies = (
				4DCB4ECF1CEF110B006BC0AF /* PBXTargetDependency */,
				4DCB4ED11CEF110B006BC0AF /* PBXTargetDependency */,
			);
			name = "BurrowTunnel-iOS";
			productName = "BurrowTunnel-iOS";
			productReference = 4D0D55F71CB372F3008CB981 /* BurrowTunnel-iOS.appex */;
			productType = "com.apple.product-type.app-extension";
		};
		4D0D56081CB37302008CB981 /* BurrowTunnel-Mac */ = {
			isa = PBXNativeTarget;
			buildConfigurationList = 4D0D56131CB37302008CB981 /* Build configuration list for PBXNativeTarget "BurrowTunnel-Mac" */;
			buildPhases = (
				4D0D56051CB37302008CB981 /* Sources */,
				4D0D56061CB37302008CB981 /* Frameworks */,
				4D0D56071CB37302008CB981 /* Resources */,
			);
			buildRules = (
			);
			dependencies = (
			);
			name = "BurrowTunnel-Mac";
			productName = "BurrowTunnel-Mac";
			productReference = 4D0D56091CB37302008CB981 /* BurrowTunnel-Mac.appex */;
			productType = "com.apple.product-type.app-extension";
		};
		4D4C41D31CBB50C000055D86 /* Shovel */ = {
			isa = PBXNativeTarget;
			buildConfigurationList = 4D4C41E51CBB50C000055D86 /* Build configuration list for PBXNativeTarget "Shovel" */;
			buildPhases = (
				4D4C41CF1CBB50C000055D86 /* Sources */,
				4D4C41D01CBB50C000055D86 /* Frameworks */,
				4D4C41D11CBB50C000055D86 /* Headers */,
				4D4C41D21CBB50C000055D86 /* Resources */,
			);
			buildRules = (
			);
			dependencies = (
				4D62BB7D1CFA74B100F0A2C3 /* PBXTargetDependency */,
				4DCB4ED31CEF1117006BC0AF /* PBXTargetDependency */,
				4D4C42211CBB605F00055D86 /* PBXTargetDependency */,
			);
			name = Shovel;
			productName = Shovel;
			productReference = 4D4C41D41CBB50C000055D86 /* Shovel.framework */;
			productType = "com.apple.product-type.framework";
		};
		4D4C41DC1CBB50C000055D86 /* ShovelTests */ = {
			isa = PBXNativeTarget;
			buildConfigurationList = 4D4C41E81CBB50C000055D86 /* Build configuration list for PBXNativeTarget "ShovelTests" */;
			buildPhases = (
				4D4C41D91CBB50C000055D86 /* Sources */,
				4D4C41DA1CBB50C000055D86 /* Frameworks */,
				4D4C41DB1CBB50C000055D86 /* Resources */,
			);
			buildRules = (
			);
			dependencies = (
				4D4C41E01CBB50C000055D86 /* PBXTargetDependency */,
			);
			name = ShovelTests;
			productName = ShovelTests;
			productReference = 4D4C41DD1CBB50C000055D86 /* ShovelTests.xctest */;
			productType = "com.apple.product-type.bundle.unit-test";
		};
		4D4C420E1CBB5B5C00055D86 /* CResolver */ = {
			isa = PBXNativeTarget;
			buildConfigurationList = 4D4C42141CBB5B5D00055D86 /* Build configuration list for PBXNativeTarget "CResolver" */;
			buildPhases = (
				4D4C420A1CBB5B5C00055D86 /* Sources */,
				4D4C420B1CBB5B5C00055D86 /* Frameworks */,
				4D4C420C1CBB5B5C00055D86 /* Headers */,
				4D4C420D1CBB5B5C00055D86 /* Resources */,
			);
			buildRules = (
			);
			dependencies = (
			);
			name = CResolver;
			productName = CResolver;
			productReference = 4D4C420F1CBB5B5C00055D86 /* CResolver.framework */;
			productType = "com.apple.product-type.framework";
		};
		4D62BB691CFA458100F0A2C3 /* DNSServiceDiscovery */ = {
			isa = PBXNativeTarget;
			buildConfigurationList = 4D62BB731CFA458200F0A2C3 /* Build configuration list for PBXNativeTarget "DNSServiceDiscovery" */;
			buildPhases = (
				4D62BB651CFA458100F0A2C3 /* Sources */,
				4D62BB661CFA458100F0A2C3 /* Frameworks */,
				4D62BB671CFA458100F0A2C3 /* Headers */,
				4D62BB681CFA458100F0A2C3 /* Resources */,
			);
			buildRules = (
			);
			dependencies = (
			);
			name = DNSServiceDiscovery;
			productName = DNSServiceDiscovery;
			productReference = 4D62BB6A1CFA458100F0A2C3 /* DNSServiceDiscovery.framework */;
			productType = "com.apple.product-type.framework";
		};
		4DCB4EC01CEEF71F006BC0AF /* Logger */ = {
			isa = PBXNativeTarget;
			buildConfigurationList = 4DCB4EC81CEEF71F006BC0AF /* Build configuration list for PBXNativeTarget "Logger" */;
			buildPhases = (
				4DCB4EBC1CEEF71F006BC0AF /* Sources */,
				4DCB4EBD1CEEF71F006BC0AF /* Frameworks */,
				4DCB4EBE1CEEF71F006BC0AF /* Headers */,
				4DCB4EBF1CEEF71F006BC0AF /* Resources */,
			);
			buildRules = (
			);
			dependencies = (
			);
			name = Logger;
			productName = Logger;
			productReference = 4DCB4EC11CEEF71F006BC0AF /* Logger.framework */;
			productType = "com.apple.product-type.framework";
		};
/* End PBXNativeTarget section */

/* Begin PBXProject section */
		4D0D55C31CB3722F008CB981 /* Project object */ = {
			isa = PBXProject;
			attributes = {
				LastSwiftUpdateCheck = 0730;
				LastUpgradeCheck = 0730;
				TargetAttributes = {
					4D0D55CC1CB37274008CB981 = {
						CreatedOnToolsVersion = 7.3;
						DevelopmentTeam = PLYLXBYCEQ;
						SystemCapabilities = {
							com.apple.ApplicationGroups.iOS = {
								enabled = 1;
							};
							com.apple.VPNLite = {
								enabled = 1;
							};
						};
					};
					4D0D55E31CB37297008CB981 = {
						CreatedOnToolsVersion = 7.3;
						DevelopmentTeam = PLYLXBYCEQ;
						SystemCapabilities = {
							com.apple.ApplicationGroups.Mac = {
								enabled = 0;
							};
							com.apple.Sandbox = {
								enabled = 1;
							};
							com.apple.VPNLite = {
								enabled = 1;
							};
						};
					};
					4D0D55F61CB372F3008CB981 = {
						CreatedOnToolsVersion = 7.3;
						DevelopmentTeam = PLYLXBYCEQ;
						SystemCapabilities = {
							com.apple.ApplicationGroups.iOS = {
								enabled = 1;
							};
							com.apple.VPNLite = {
								enabled = 1;
							};
						};
					};
					4D0D56081CB37302008CB981 = {
						CreatedOnToolsVersion = 7.3;
						DevelopmentTeam = PLYLXBYCEQ;
						SystemCapabilities = {
							com.apple.ApplicationGroups.Mac = {
								enabled = 0;
							};
							com.apple.Sandbox = {
								enabled = 1;
							};
							com.apple.VPNLite = {
								enabled = 1;
							};
						};
					};
					4D4C41D31CBB50C000055D86 = {
						CreatedOnToolsVersion = 7.3;
					};
					4D4C41DC1CBB50C000055D86 = {
						CreatedOnToolsVersion = 7.3;
					};
					4D4C420E1CBB5B5C00055D86 = {
						CreatedOnToolsVersion = 7.3;
						DevelopmentTeam = PLYLXBYCEQ;
					};
					4D62BB691CFA458100F0A2C3 = {
						CreatedOnToolsVersion = 7.3.1;
						DevelopmentTeam = PLYLXBYCEQ;
					};
					4DCB4EC01CEEF71F006BC0AF = {
						CreatedOnToolsVersion = 7.3.1;
					};
				};
			};
			buildConfigurationList = 4D0D55C61CB3722F008CB981 /* Build configuration list for PBXProject "Burrow" */;
			compatibilityVersion = "Xcode 3.2";
			developmentRegion = English;
			hasScannedForEncodings = 0;
			knownRegions = (
				en,
				Base,
			);
			mainGroup = 4D0D55C21CB3722F008CB981;
			productRefGroup = 4D0D55CE1CB37274008CB981 /* Products */;
			projectDirPath = "";
			projectRoot = "";
			targets = (
				4D0D55CC1CB37274008CB981 /* Burrow-iOS */,
				4D0D55E31CB37297008CB981 /* Burrow-Mac */,
				4D0D55F61CB372F3008CB981 /* BurrowTunnel-iOS */,
				4D0D56081CB37302008CB981 /* BurrowTunnel-Mac */,
				4D4C41D31CBB50C000055D86 /* Shovel */,
				4D4C41DC1CBB50C000055D86 /* ShovelTests */,
				4DCB4EC01CEEF71F006BC0AF /* Logger */,
				4D4C420E1CBB5B5C00055D86 /* CResolver */,
				4D62BB691CFA458100F0A2C3 /* DNSServiceDiscovery */,
			);
		};
/* End PBXProject section */

/* Begin PBXResourcesBuildPhase section */
		4D0D55CB1CB37274008CB981 /* Resources */ = {
			isa = PBXResourcesBuildPhase;
			buildActionMask = 2147483647;
			files = (
				4D0D56381CB3739C008CB981 /* Info.plist in Resources */,
				4D0D56241CB37390008CB981 /* Main.storyboard in Resources */,
				4D4B136C1CBB9FE1008EC7CD /* Burrow-iOS.entitlements in Resources */,
				4D0D56231CB37390008CB981 /* LaunchScreen.storyboard in Resources */,
			);
			runOnlyForDeploymentPostprocessing = 0;
		};
		4D0D55E21CB37297008CB981 /* Resources */ = {
			isa = PBXResourcesBuildPhase;
			buildActionMask = 2147483647;
			files = (
				4D0D563C1CB37431008CB981 /* Main.storyboard in Resources */,
			);
			runOnlyForDeploymentPostprocessing = 0;
		};
		4D0D55F51CB372F3008CB981 /* Resources */ = {
			isa = PBXResourcesBuildPhase;
			buildActionMask = 2147483647;
			files = (
			);
			runOnlyForDeploymentPostprocessing = 0;
		};
		4D0D56071CB37302008CB981 /* Resources */ = {
			isa = PBXResourcesBuildPhase;
			buildActionMask = 2147483647;
			files = (
			);
			runOnlyForDeploymentPostprocessing = 0;
		};
		4D4C41D21CBB50C000055D86 /* Resources */ = {
			isa = PBXResourcesBuildPhase;
			buildActionMask = 2147483647;
			files = (
			);
			runOnlyForDeploymentPostprocessing = 0;
		};
		4D4C41DB1CBB50C000055D86 /* Resources */ = {
			isa = PBXResourcesBuildPhase;
			buildActionMask = 2147483647;
			files = (
			);
			runOnlyForDeploymentPostprocessing = 0;
		};
		4D4C420D1CBB5B5C00055D86 /* Resources */ = {
			isa = PBXResourcesBuildPhase;
			buildActionMask = 2147483647;
			files = (
				4D4C42181CBB5B8000055D86 /* CResolver.xcconfig in Resources */,
			);
			runOnlyForDeploymentPostprocessing = 0;
		};
		4D62BB681CFA458100F0A2C3 /* Resources */ = {
			isa = PBXResourcesBuildPhase;
			buildActionMask = 2147483647;
			files = (
				4D62BB7A1CFA463300F0A2C3 /* DNSServiceDiscovery.xcconfig in Resources */,
			);
			runOnlyForDeploymentPostprocessing = 0;
		};
		4DCB4EBF1CEEF71F006BC0AF /* Resources */ = {
			isa = PBXResourcesBuildPhase;
			buildActionMask = 2147483647;
			files = (
			);
			runOnlyForDeploymentPostprocessing = 0;
		};
/* End PBXResourcesBuildPhase section */

/* Begin PBXSourcesBuildPhase section */
		4D0D55C91CB37274008CB981 /* Sources */ = {
			isa = PBXSourcesBuildPhase;
			buildActionMask = 2147483647;
			files = (
				4DCE66D51CE09D4300C9FBBC /* NETunnelProviderManager.swift in Sources */,
				4D0D56261CB37390008CB981 /* ViewController.swift in Sources */,
				4D0D56211CB37390008CB981 /* AppDelegate.swift in Sources */,
			);
			runOnlyForDeploymentPostprocessing = 0;
		};
		4D0D55E01CB37297008CB981 /* Sources */ = {
			isa = PBXSourcesBuildPhase;
			buildActionMask = 2147483647;
			files = (
				4D0D563E1CB3743A008CB981 /* ViewController.swift in Sources */,
				4D0D563B1CB3742B008CB981 /* AppDelegate.swift in Sources */,
				4D6B46141CE11738007ADB37 /* NETunnelProviderManager.swift in Sources */,
			);
			runOnlyForDeploymentPostprocessing = 0;
		};
		4D0D55F31CB372F3008CB981 /* Sources */ = {
			isa = PBXSourcesBuildPhase;
			buildActionMask = 2147483647;
			files = (
				4D97880A1CCDBD1700774E3F /* ClientMessage.swift in Sources */,
				4D4C41AC1CBB4C8D00055D86 /* PacketTunnelProvider.swift in Sources */,
				4D77FA031CD7ED1E00F2586C /* SessionController.swift in Sources */,
				4D77F9F51CD7DA1500F2586C /* ServerMessage.swift in Sources */,
				4D77F9F11CD7D95400F2586C /* MessageType.swift in Sources */,
				4D4A1DC71CD7C138003AF9AD /* SessionIdentifier.swift in Sources */,
				4D4A1DCA1CD7C38F003AF9AD /* DeserializationError.swift in Sources */,
				4D6768161CE995160079E173 /* ServerError.swift in Sources */,
			);
			runOnlyForDeploymentPostprocessing = 0;
		};
		4D0D56051CB37302008CB981 /* Sources */ = {
			isa = PBXSourcesBuildPhase;
			buildActionMask = 2147483647;
			files = (
				4D97880B1CCDBD1700774E3F /* ClientMessage.swift in Sources */,
				4D4C41AB1CBB4C8C00055D86 /* PacketTunnelProvider.swift in Sources */,
				4D77FA041CD7ED1E00F2586C /* SessionController.swift in Sources */,
				4D77F9F61CD7DA1500F2586C /* ServerMessage.swift in Sources */,
				4D77F9F21CD7D95400F2586C /* MessageType.swift in Sources */,
				4D4A1DC81CD7C139003AF9AD /* SessionIdentifier.swift in Sources */,
				4D4A1DCB1CD7C38F003AF9AD /* DeserializationError.swift in Sources */,
			);
			runOnlyForDeploymentPostprocessing = 0;
		};
		4D4C41CF1CBB50C000055D86 /* Sources */ = {
			isa = PBXSourcesBuildPhase;
			buildActionMask = 2147483647;
			files = (
				4D62BB921CFACFB200F0A2C3 /* DNSServiceErrorCode.swift in Sources */,
				4DBD0AAE1CC4CA56003BC82C /* ShovelError.swift in Sources */,
				4D62BB7F1CFA795B00F0A2C3 /* DNSResolver.swift in Sources */,
				4D62BB981CFC10A300F0A2C3 /* Resolver.swift in Sources */,
				4DBD0AA31CC465F6003BC82C /* TransmissionManager.swift in Sources */,
				4D4C421F1CBB5F7600055D86 /* TXTRecord.swift in Sources */,
				4D6768141CE994A30079E173 /* Result.swift in Sources */,
				4D4A1DCC1CD7C38F003AF9AD /* DeserializationError.swift in Sources */,
				4DCE66D11CE087EB00C9FBBC /* DomainPackagingMessage.swift in Sources */,
				4D62BB951CFC108F00F0A2C3 /* Future.swift in Sources */,
				4DBD0AA51CC4ACD3003BC82C /* Domain.swift in Sources */,
			);
			runOnlyForDeploymentPostprocessing = 0;
		};
		4D4C41D91CBB50C000055D86 /* Sources */ = {
			isa = PBXSourcesBuildPhase;
			buildActionMask = 2147483647;
			files = (
				4D4C41E31CBB50C000055D86 /* TXTRecordTests.swift in Sources */,
				4DBD0AA71CC4B66E003BC82C /* TransmissionTests.swift in Sources */,
			);
			runOnlyForDeploymentPostprocessing = 0;
		};
		4D4C420A1CBB5B5C00055D86 /* Sources */ = {
			isa = PBXSourcesBuildPhase;
			buildActionMask = 2147483647;
			files = (
			);
			runOnlyForDeploymentPostprocessing = 0;
		};
		4D62BB651CFA458100F0A2C3 /* Sources */ = {
			isa = PBXSourcesBuildPhase;
			buildActionMask = 2147483647;
			files = (
			);
			runOnlyForDeploymentPostprocessing = 0;
		};
		4DCB4EBC1CEEF71F006BC0AF /* Sources */ = {
			isa = PBXSourcesBuildPhase;
			buildActionMask = 2147483647;
			files = (
				4DCB4ECA1CEEF734006BC0AF /* Logger.swift in Sources */,
			);
			runOnlyForDeploymentPostprocessing = 0;
		};
/* End PBXSourcesBuildPhase section */

/* Begin PBXTargetDependency section */
		4D0D55FF1CB372F3008CB981 /* PBXTargetDependency */ = {
			isa = PBXTargetDependency;
			target = 4D0D55F61CB372F3008CB981 /* BurrowTunnel-iOS */;
			targetProxy = 4D0D55FE1CB372F3008CB981 /* PBXContainerItemProxy */;
		};
		4D0D56111CB37302008CB981 /* PBXTargetDependency */ = {
			isa = PBXTargetDependency;
			target = 4D0D56081CB37302008CB981 /* BurrowTunnel-Mac */;
			targetProxy = 4D0D56101CB37302008CB981 /* PBXContainerItemProxy */;
		};
		4D4C41E01CBB50C000055D86 /* PBXTargetDependency */ = {
			isa = PBXTargetDependency;
			target = 4D4C41D31CBB50C000055D86 /* Shovel */;
			targetProxy = 4D4C41DF1CBB50C000055D86 /* PBXContainerItemProxy */;
		};
		4D4C42211CBB605F00055D86 /* PBXTargetDependency */ = {
			isa = PBXTargetDependency;
			target = 4D4C420E1CBB5B5C00055D86 /* CResolver */;
			targetProxy = 4D4C42201CBB605F00055D86 /* PBXContainerItemProxy */;
		};
		4D62BB701CFA458200F0A2C3 /* PBXTargetDependency */ = {
			isa = PBXTargetDependency;
			target = 4D62BB691CFA458100F0A2C3 /* DNSServiceDiscovery */;
			targetProxy = 4D62BB6F1CFA458200F0A2C3 /* PBXContainerItemProxy */;
		};
		4D62BB7D1CFA74B100F0A2C3 /* PBXTargetDependency */ = {
			isa = PBXTargetDependency;
			target = 4D62BB691CFA458100F0A2C3 /* DNSServiceDiscovery */;
			targetProxy = 4D62BB7C1CFA74B100F0A2C3 /* PBXContainerItemProxy */;
		};
		4DCB4ECF1CEF110B006BC0AF /* PBXTargetDependency */ = {
			isa = PBXTargetDependency;
			target = 4D4C41D31CBB50C000055D86 /* Shovel */;
			targetProxy = 4DCB4ECE1CEF110B006BC0AF /* PBXContainerItemProxy */;
		};
		4DCB4ED11CEF110B006BC0AF /* PBXTargetDependency */ = {
			isa = PBXTargetDependency;
			target = 4DCB4EC01CEEF71F006BC0AF /* Logger */;
			targetProxy = 4DCB4ED01CEF110B006BC0AF /* PBXContainerItemProxy */;
		};
		4DCB4ED31CEF1117006BC0AF /* PBXTargetDependency */ = {
			isa = PBXTargetDependency;
			target = 4DCB4EC01CEEF71F006BC0AF /* Logger */;
			targetProxy = 4DCB4ED21CEF1117006BC0AF /* PBXContainerItemProxy */;
		};
/* End PBXTargetDependency section */

/* Begin PBXVariantGroup section */
		4D0D561B1CB37390008CB981 /* LaunchScreen.storyboard */ = {
			isa = PBXVariantGroup;
			children = (
				4D0D561C1CB37390008CB981 /* Base */,
			);
			name = LaunchScreen.storyboard;
			sourceTree = "<group>";
		};
		4D0D561D1CB37390008CB981 /* Main.storyboard */ = {
			isa = PBXVariantGroup;
			children = (
				4D0D561E1CB37390008CB981 /* Base */,
			);
			name = Main.storyboard;
			sourceTree = "<group>";
		};
		4D0D562A1CB37394008CB981 /* Main.storyboard */ = {
			isa = PBXVariantGroup;
			children = (
				4D0D562B1CB37394008CB981 /* Base */,
			);
			name = Main.storyboard;
			sourceTree = "<group>";
		};
/* End PBXVariantGroup section */

/* Begin XCBuildConfiguration section */
		4D0D55C71CB3722F008CB981 /* Debug */ = {
			isa = XCBuildConfiguration;
			buildSettings = {
				IPHONEOS_DEPLOYMENT_TARGET = 9.0;
				MACOSX_DEPLOYMENT_TARGET = 10.11;
			};
			name = Debug;
		};
		4D0D55C81CB3722F008CB981 /* Release */ = {
			isa = XCBuildConfiguration;
			buildSettings = {
				IPHONEOS_DEPLOYMENT_TARGET = 9.0;
				MACOSX_DEPLOYMENT_TARGET = 10.11;
			};
			name = Release;
		};
		4D0D55DE1CB37274008CB981 /* Debug */ = {
			isa = XCBuildConfiguration;
			buildSettings = {
				ALWAYS_SEARCH_USER_PATHS = NO;
				ASSETCATALOG_COMPILER_APPICON_NAME = AppIcon;
				CLANG_ANALYZER_NONNULL = YES;
				CLANG_CXX_LANGUAGE_STANDARD = "gnu++0x";
				CLANG_CXX_LIBRARY = "libc++";
				CLANG_ENABLE_MODULES = YES;
				CLANG_ENABLE_OBJC_ARC = YES;
				CLANG_WARN_BOOL_CONVERSION = YES;
				CLANG_WARN_CONSTANT_CONVERSION = YES;
				CLANG_WARN_DIRECT_OBJC_ISA_USAGE = YES_ERROR;
				CLANG_WARN_EMPTY_BODY = YES;
				CLANG_WARN_ENUM_CONVERSION = YES;
				CLANG_WARN_INT_CONVERSION = YES;
				CLANG_WARN_OBJC_ROOT_CLASS = YES_ERROR;
				CLANG_WARN_UNREACHABLE_CODE = YES;
				CLANG_WARN__DUPLICATE_METHOD_MATCH = YES;
				CODE_SIGN_ENTITLEMENTS = "iOS/Burrow-iOS.entitlements";
				CODE_SIGN_IDENTITY = "iPhone Developer: Jaden Geller (6ZM83JD223)";
				"CODE_SIGN_IDENTITY[sdk=iphoneos*]" = "iPhone Developer: Jaden Geller (6ZM83JD223)";
				COPY_PHASE_STRIP = NO;
				DEBUG_INFORMATION_FORMAT = dwarf;
				ENABLE_STRICT_OBJC_MSGSEND = YES;
				ENABLE_TESTABILITY = YES;
				GCC_C_LANGUAGE_STANDARD = gnu99;
				GCC_DYNAMIC_NO_PIC = NO;
				GCC_NO_COMMON_BLOCKS = YES;
				GCC_OPTIMIZATION_LEVEL = 0;
				GCC_PREPROCESSOR_DEFINITIONS = (
					"DEBUG=1",
					"$(inherited)",
				);
				GCC_WARN_64_TO_32_BIT_CONVERSION = YES;
				GCC_WARN_ABOUT_RETURN_TYPE = YES_ERROR;
				GCC_WARN_UNDECLARED_SELECTOR = YES;
				GCC_WARN_UNINITIALIZED_AUTOS = YES_AGGRESSIVE;
				GCC_WARN_UNUSED_FUNCTION = YES;
				GCC_WARN_UNUSED_VARIABLE = YES;
				INFOPLIST_FILE = iOS/Info.plist;
				IPHONEOS_DEPLOYMENT_TARGET = 9.3;
				LD_RUNPATH_SEARCH_PATHS = "$(inherited) @executable_path/Frameworks";
				MTL_ENABLE_DEBUG_INFO = YES;
				ONLY_ACTIVE_ARCH = YES;
				PRODUCT_BUNDLE_IDENTIFIER = tech.burrow.client.ios;
				PRODUCT_NAME = Burrow;
				PROVISIONING_PROFILE = "f9354ae4-2c2f-4d35-9e4e-5c9d4993d2b2";
				SDKROOT = iphoneos;
				SWIFT_INSTALL_OBJC_HEADER = NO;
				SWIFT_OBJC_BRIDGING_HEADER = "";
				SWIFT_OPTIMIZATION_LEVEL = "-Onone";
				TARGETED_DEVICE_FAMILY = "1,2";
			};
			name = Debug;
		};
		4D0D55DF1CB37274008CB981 /* Release */ = {
			isa = XCBuildConfiguration;
			buildSettings = {
				ALWAYS_SEARCH_USER_PATHS = NO;
				ASSETCATALOG_COMPILER_APPICON_NAME = AppIcon;
				CLANG_ANALYZER_NONNULL = YES;
				CLANG_CXX_LANGUAGE_STANDARD = "gnu++0x";
				CLANG_CXX_LIBRARY = "libc++";
				CLANG_ENABLE_MODULES = YES;
				CLANG_ENABLE_OBJC_ARC = YES;
				CLANG_WARN_BOOL_CONVERSION = YES;
				CLANG_WARN_CONSTANT_CONVERSION = YES;
				CLANG_WARN_DIRECT_OBJC_ISA_USAGE = YES_ERROR;
				CLANG_WARN_EMPTY_BODY = YES;
				CLANG_WARN_ENUM_CONVERSION = YES;
				CLANG_WARN_INT_CONVERSION = YES;
				CLANG_WARN_OBJC_ROOT_CLASS = YES_ERROR;
				CLANG_WARN_UNREACHABLE_CODE = YES;
				CLANG_WARN__DUPLICATE_METHOD_MATCH = YES;
				CODE_SIGN_ENTITLEMENTS = "iOS/Burrow-iOS.entitlements";
				CODE_SIGN_IDENTITY = "iPhone Developer: Jaden Geller (6ZM83JD223)";
				"CODE_SIGN_IDENTITY[sdk=iphoneos*]" = "iPhone Developer: Jaden Geller (6ZM83JD223)";
				COPY_PHASE_STRIP = NO;
				DEBUG_INFORMATION_FORMAT = "dwarf-with-dsym";
				ENABLE_NS_ASSERTIONS = NO;
				ENABLE_STRICT_OBJC_MSGSEND = YES;
				GCC_C_LANGUAGE_STANDARD = gnu99;
				GCC_NO_COMMON_BLOCKS = YES;
				GCC_WARN_64_TO_32_BIT_CONVERSION = YES;
				GCC_WARN_ABOUT_RETURN_TYPE = YES_ERROR;
				GCC_WARN_UNDECLARED_SELECTOR = YES;
				GCC_WARN_UNINITIALIZED_AUTOS = YES_AGGRESSIVE;
				GCC_WARN_UNUSED_FUNCTION = YES;
				GCC_WARN_UNUSED_VARIABLE = YES;
				INFOPLIST_FILE = iOS/Info.plist;
				IPHONEOS_DEPLOYMENT_TARGET = 9.3;
				LD_RUNPATH_SEARCH_PATHS = "$(inherited) @executable_path/Frameworks";
				MTL_ENABLE_DEBUG_INFO = NO;
				PRODUCT_BUNDLE_IDENTIFIER = tech.burrow.client.ios;
				PRODUCT_NAME = Burrow;
				PROVISIONING_PROFILE = "f9354ae4-2c2f-4d35-9e4e-5c9d4993d2b2";
				SDKROOT = iphoneos;
				SWIFT_INSTALL_OBJC_HEADER = NO;
				SWIFT_OBJC_BRIDGING_HEADER = "";
				TARGETED_DEVICE_FAMILY = "1,2";
				VALIDATE_PRODUCT = YES;
			};
			name = Release;
		};
		4D0D55F11CB37297008CB981 /* Debug */ = {
			isa = XCBuildConfiguration;
			buildSettings = {
				ALWAYS_SEARCH_USER_PATHS = NO;
				ASSETCATALOG_COMPILER_APPICON_NAME = AppIcon;
				CLANG_ANALYZER_NONNULL = YES;
				CLANG_CXX_LANGUAGE_STANDARD = "gnu++0x";
				CLANG_CXX_LIBRARY = "libc++";
				CLANG_ENABLE_MODULES = YES;
				CLANG_ENABLE_OBJC_ARC = YES;
				CLANG_WARN_BOOL_CONVERSION = YES;
				CLANG_WARN_CONSTANT_CONVERSION = YES;
				CLANG_WARN_DIRECT_OBJC_ISA_USAGE = YES_ERROR;
				CLANG_WARN_EMPTY_BODY = YES;
				CLANG_WARN_ENUM_CONVERSION = YES;
				CLANG_WARN_INT_CONVERSION = YES;
				CLANG_WARN_OBJC_ROOT_CLASS = YES_ERROR;
				CLANG_WARN_UNREACHABLE_CODE = YES;
				CLANG_WARN__DUPLICATE_METHOD_MATCH = YES;
				CODE_SIGN_ENTITLEMENTS = "Mac/Burrow-Mac.entitlements";
				CODE_SIGN_IDENTITY = "Mac Developer";
				"CODE_SIGN_IDENTITY[sdk=macosx*]" = "Mac Developer";
				COMBINE_HIDPI_IMAGES = YES;
				COPY_PHASE_STRIP = NO;
				DEBUG_INFORMATION_FORMAT = dwarf;
				EMBEDDED_CONTENT_CONTAINS_SWIFT = YES;
				ENABLE_STRICT_OBJC_MSGSEND = YES;
				ENABLE_TESTABILITY = YES;
				GCC_C_LANGUAGE_STANDARD = gnu99;
				GCC_DYNAMIC_NO_PIC = NO;
				GCC_NO_COMMON_BLOCKS = YES;
				GCC_OPTIMIZATION_LEVEL = 0;
				GCC_PREPROCESSOR_DEFINITIONS = (
					"DEBUG=1",
					"$(inherited)",
				);
				GCC_WARN_64_TO_32_BIT_CONVERSION = YES;
				GCC_WARN_ABOUT_RETURN_TYPE = YES_ERROR;
				GCC_WARN_UNDECLARED_SELECTOR = YES;
				GCC_WARN_UNINITIALIZED_AUTOS = YES_AGGRESSIVE;
				GCC_WARN_UNUSED_FUNCTION = YES;
				GCC_WARN_UNUSED_VARIABLE = YES;
				INFOPLIST_FILE = Mac/Info.plist;
				LD_RUNPATH_SEARCH_PATHS = "$(inherited) @executable_path/../Frameworks";
				MACOSX_DEPLOYMENT_TARGET = 10.11;
				MTL_ENABLE_DEBUG_INFO = YES;
				ONLY_ACTIVE_ARCH = YES;
				PRODUCT_BUNDLE_IDENTIFIER = tech.burrow.client.macos;
				PRODUCT_NAME = Burrow;
				PROVISIONING_PROFILE = "0fda97b6-3b98-4d1a-9127-74e62b8f9cd6";
				SDKROOT = macosx;
				SWIFT_OPTIMIZATION_LEVEL = "-Onone";
			};
			name = Debug;
		};
		4D0D55F21CB37297008CB981 /* Release */ = {
			isa = XCBuildConfiguration;
			buildSettings = {
				ALWAYS_SEARCH_USER_PATHS = NO;
				ASSETCATALOG_COMPILER_APPICON_NAME = AppIcon;
				CLANG_ANALYZER_NONNULL = YES;
				CLANG_CXX_LANGUAGE_STANDARD = "gnu++0x";
				CLANG_CXX_LIBRARY = "libc++";
				CLANG_ENABLE_MODULES = YES;
				CLANG_ENABLE_OBJC_ARC = YES;
				CLANG_WARN_BOOL_CONVERSION = YES;
				CLANG_WARN_CONSTANT_CONVERSION = YES;
				CLANG_WARN_DIRECT_OBJC_ISA_USAGE = YES_ERROR;
				CLANG_WARN_EMPTY_BODY = YES;
				CLANG_WARN_ENUM_CONVERSION = YES;
				CLANG_WARN_INT_CONVERSION = YES;
				CLANG_WARN_OBJC_ROOT_CLASS = YES_ERROR;
				CLANG_WARN_UNREACHABLE_CODE = YES;
				CLANG_WARN__DUPLICATE_METHOD_MATCH = YES;
				CODE_SIGN_ENTITLEMENTS = "Mac/Burrow-Mac.entitlements";
				CODE_SIGN_IDENTITY = "Mac Developer";
				"CODE_SIGN_IDENTITY[sdk=macosx*]" = "Mac Developer";
				COMBINE_HIDPI_IMAGES = YES;
				COPY_PHASE_STRIP = NO;
				DEBUG_INFORMATION_FORMAT = "dwarf-with-dsym";
				EMBEDDED_CONTENT_CONTAINS_SWIFT = YES;
				ENABLE_NS_ASSERTIONS = NO;
				ENABLE_STRICT_OBJC_MSGSEND = YES;
				GCC_C_LANGUAGE_STANDARD = gnu99;
				GCC_NO_COMMON_BLOCKS = YES;
				GCC_WARN_64_TO_32_BIT_CONVERSION = YES;
				GCC_WARN_ABOUT_RETURN_TYPE = YES_ERROR;
				GCC_WARN_UNDECLARED_SELECTOR = YES;
				GCC_WARN_UNINITIALIZED_AUTOS = YES_AGGRESSIVE;
				GCC_WARN_UNUSED_FUNCTION = YES;
				GCC_WARN_UNUSED_VARIABLE = YES;
				INFOPLIST_FILE = Mac/Info.plist;
				LD_RUNPATH_SEARCH_PATHS = "$(inherited) @executable_path/../Frameworks";
				MACOSX_DEPLOYMENT_TARGET = 10.11;
				MTL_ENABLE_DEBUG_INFO = NO;
				PRODUCT_BUNDLE_IDENTIFIER = tech.burrow.client.macos;
				PRODUCT_NAME = Burrow;
				PROVISIONING_PROFILE = "0fda97b6-3b98-4d1a-9127-74e62b8f9cd6";
				SDKROOT = macosx;
			};
			name = Release;
		};
		4D0D56021CB372F3008CB981 /* Debug */ = {
			isa = XCBuildConfiguration;
			buildSettings = {
				ALWAYS_SEARCH_USER_PATHS = NO;
				CLANG_ANALYZER_NONNULL = YES;
				CLANG_CXX_LANGUAGE_STANDARD = "gnu++0x";
				CLANG_CXX_LIBRARY = "libc++";
				CLANG_ENABLE_MODULES = YES;
				CLANG_ENABLE_OBJC_ARC = YES;
				CLANG_WARN_BOOL_CONVERSION = YES;
				CLANG_WARN_CONSTANT_CONVERSION = YES;
				CLANG_WARN_DIRECT_OBJC_ISA_USAGE = YES_ERROR;
				CLANG_WARN_EMPTY_BODY = YES;
				CLANG_WARN_ENUM_CONVERSION = YES;
				CLANG_WARN_INT_CONVERSION = YES;
				CLANG_WARN_OBJC_ROOT_CLASS = YES_ERROR;
				CLANG_WARN_UNREACHABLE_CODE = YES;
				CLANG_WARN__DUPLICATE_METHOD_MATCH = YES;
				CODE_SIGN_ENTITLEMENTS = "BurrowTunnel-iOS.entitlements";
				CODE_SIGN_IDENTITY = "iPhone Developer: Jaden Geller (6ZM83JD223)";
				"CODE_SIGN_IDENTITY[sdk=iphoneos*]" = "iPhone Developer: Jaden Geller (6ZM83JD223)";
				COPY_PHASE_STRIP = NO;
				DEBUG_INFORMATION_FORMAT = dwarf;
				ENABLE_STRICT_OBJC_MSGSEND = YES;
				ENABLE_TESTABILITY = YES;
				GCC_C_LANGUAGE_STANDARD = gnu99;
				GCC_DYNAMIC_NO_PIC = NO;
				GCC_NO_COMMON_BLOCKS = YES;
				GCC_OPTIMIZATION_LEVEL = 0;
				GCC_PREPROCESSOR_DEFINITIONS = (
					"DEBUG=1",
					"$(inherited)",
				);
				GCC_WARN_64_TO_32_BIT_CONVERSION = YES;
				GCC_WARN_ABOUT_RETURN_TYPE = YES_ERROR;
				GCC_WARN_UNDECLARED_SELECTOR = YES;
				GCC_WARN_UNINITIALIZED_AUTOS = YES_AGGRESSIVE;
				GCC_WARN_UNUSED_FUNCTION = YES;
				GCC_WARN_UNUSED_VARIABLE = YES;
				INFOPLIST_FILE = Extension/Info.plist;
				IPHONEOS_DEPLOYMENT_TARGET = 9.3;
				LD_RUNPATH_SEARCH_PATHS = "$(inherited) @executable_path/Frameworks @executable_path/../../Frameworks";
				MTL_ENABLE_DEBUG_INFO = YES;
				ONLY_ACTIVE_ARCH = YES;
				PRODUCT_BUNDLE_IDENTIFIER = tech.burrow.client.ios.extension;
				PRODUCT_NAME = "$(TARGET_NAME)";
				PROVISIONING_PROFILE = "ee885058-9b60-4f23-a150-224d18836f5b";
				SDKROOT = iphoneos;
				SKIP_INSTALL = YES;
				SWIFT_OBJC_BRIDGING_HEADER = "";
				SWIFT_OPTIMIZATION_LEVEL = "-Onone";
			};
			name = Debug;
		};
		4D0D56031CB372F3008CB981 /* Release */ = {
			isa = XCBuildConfiguration;
			buildSettings = {
				ALWAYS_SEARCH_USER_PATHS = NO;
				CLANG_ANALYZER_NONNULL = YES;
				CLANG_CXX_LANGUAGE_STANDARD = "gnu++0x";
				CLANG_CXX_LIBRARY = "libc++";
				CLANG_ENABLE_MODULES = YES;
				CLANG_ENABLE_OBJC_ARC = YES;
				CLANG_WARN_BOOL_CONVERSION = YES;
				CLANG_WARN_CONSTANT_CONVERSION = YES;
				CLANG_WARN_DIRECT_OBJC_ISA_USAGE = YES_ERROR;
				CLANG_WARN_EMPTY_BODY = YES;
				CLANG_WARN_ENUM_CONVERSION = YES;
				CLANG_WARN_INT_CONVERSION = YES;
				CLANG_WARN_OBJC_ROOT_CLASS = YES_ERROR;
				CLANG_WARN_UNREACHABLE_CODE = YES;
				CLANG_WARN__DUPLICATE_METHOD_MATCH = YES;
				CODE_SIGN_ENTITLEMENTS = "BurrowTunnel-iOS.entitlements";
				CODE_SIGN_IDENTITY = "iPhone Developer: Jaden Geller (6ZM83JD223)";
				"CODE_SIGN_IDENTITY[sdk=iphoneos*]" = "iPhone Developer: Jaden Geller (6ZM83JD223)";
				COPY_PHASE_STRIP = NO;
				DEBUG_INFORMATION_FORMAT = "dwarf-with-dsym";
				ENABLE_NS_ASSERTIONS = NO;
				ENABLE_STRICT_OBJC_MSGSEND = YES;
				GCC_C_LANGUAGE_STANDARD = gnu99;
				GCC_NO_COMMON_BLOCKS = YES;
				GCC_WARN_64_TO_32_BIT_CONVERSION = YES;
				GCC_WARN_ABOUT_RETURN_TYPE = YES_ERROR;
				GCC_WARN_UNDECLARED_SELECTOR = YES;
				GCC_WARN_UNINITIALIZED_AUTOS = YES_AGGRESSIVE;
				GCC_WARN_UNUSED_FUNCTION = YES;
				GCC_WARN_UNUSED_VARIABLE = YES;
				INFOPLIST_FILE = Extension/Info.plist;
				IPHONEOS_DEPLOYMENT_TARGET = 9.3;
				LD_RUNPATH_SEARCH_PATHS = "$(inherited) @executable_path/Frameworks @executable_path/../../Frameworks";
				MTL_ENABLE_DEBUG_INFO = NO;
				PRODUCT_BUNDLE_IDENTIFIER = tech.burrow.client.ios.extension;
				PRODUCT_NAME = "$(TARGET_NAME)";
				PROVISIONING_PROFILE = "ee885058-9b60-4f23-a150-224d18836f5b";
				SDKROOT = iphoneos;
				SKIP_INSTALL = YES;
				SWIFT_OBJC_BRIDGING_HEADER = "";
				VALIDATE_PRODUCT = YES;
			};
			name = Release;
		};
		4D0D56141CB37302008CB981 /* Debug */ = {
			isa = XCBuildConfiguration;
			buildSettings = {
				ALWAYS_SEARCH_USER_PATHS = NO;
				CLANG_ANALYZER_NONNULL = YES;
				CLANG_CXX_LANGUAGE_STANDARD = "gnu++0x";
				CLANG_CXX_LIBRARY = "libc++";
				CLANG_ENABLE_MODULES = YES;
				CLANG_ENABLE_OBJC_ARC = YES;
				CLANG_WARN_BOOL_CONVERSION = YES;
				CLANG_WARN_CONSTANT_CONVERSION = YES;
				CLANG_WARN_DIRECT_OBJC_ISA_USAGE = YES_ERROR;
				CLANG_WARN_EMPTY_BODY = YES;
				CLANG_WARN_ENUM_CONVERSION = YES;
				CLANG_WARN_INT_CONVERSION = YES;
				CLANG_WARN_OBJC_ROOT_CLASS = YES_ERROR;
				CLANG_WARN_UNREACHABLE_CODE = YES;
				CLANG_WARN__DUPLICATE_METHOD_MATCH = YES;
				CODE_SIGN_ENTITLEMENTS = "Extension/BurrowTunnel-Extension-Mac.entitlements";
				CODE_SIGN_IDENTITY = "Mac Developer: Jaden Geller (6ZM83JD223)";
				COPY_PHASE_STRIP = NO;
				DEBUG_INFORMATION_FORMAT = dwarf;
				ENABLE_STRICT_OBJC_MSGSEND = YES;
				ENABLE_TESTABILITY = YES;
				GCC_C_LANGUAGE_STANDARD = gnu99;
				GCC_DYNAMIC_NO_PIC = NO;
				GCC_NO_COMMON_BLOCKS = YES;
				GCC_OPTIMIZATION_LEVEL = 0;
				GCC_PREPROCESSOR_DEFINITIONS = (
					"DEBUG=1",
					"$(inherited)",
				);
				GCC_WARN_64_TO_32_BIT_CONVERSION = YES;
				GCC_WARN_ABOUT_RETURN_TYPE = YES_ERROR;
				GCC_WARN_UNDECLARED_SELECTOR = YES;
				GCC_WARN_UNINITIALIZED_AUTOS = YES_AGGRESSIVE;
				GCC_WARN_UNUSED_FUNCTION = YES;
				GCC_WARN_UNUSED_VARIABLE = YES;
				INFOPLIST_FILE = Extension/Info.plist;
				LD_RUNPATH_SEARCH_PATHS = "$(inherited) @executable_path/../Frameworks @executable_path/../../../../Frameworks";
				MTL_ENABLE_DEBUG_INFO = YES;
				ONLY_ACTIVE_ARCH = YES;
				PRODUCT_BUNDLE_IDENTIFIER = tech.burrow.client.macos.extension;
				PRODUCT_NAME = "$(TARGET_NAME)";
				PROVISIONING_PROFILE = "10455d27-9ed0-473f-a3fa-c87b2f45efb6";
				SDKROOT = macosx;
				SKIP_INSTALL = YES;
				SWIFT_OBJC_BRIDGING_HEADER = "";
				SWIFT_OPTIMIZATION_LEVEL = "-Onone";
			};
			name = Debug;
		};
		4D0D56151CB37302008CB981 /* Release */ = {
			isa = XCBuildConfiguration;
			buildSettings = {
				ALWAYS_SEARCH_USER_PATHS = NO;
				CLANG_ANALYZER_NONNULL = YES;
				CLANG_CXX_LANGUAGE_STANDARD = "gnu++0x";
				CLANG_CXX_LIBRARY = "libc++";
				CLANG_ENABLE_MODULES = YES;
				CLANG_ENABLE_OBJC_ARC = YES;
				CLANG_WARN_BOOL_CONVERSION = YES;
				CLANG_WARN_CONSTANT_CONVERSION = YES;
				CLANG_WARN_DIRECT_OBJC_ISA_USAGE = YES_ERROR;
				CLANG_WARN_EMPTY_BODY = YES;
				CLANG_WARN_ENUM_CONVERSION = YES;
				CLANG_WARN_INT_CONVERSION = YES;
				CLANG_WARN_OBJC_ROOT_CLASS = YES_ERROR;
				CLANG_WARN_UNREACHABLE_CODE = YES;
				CLANG_WARN__DUPLICATE_METHOD_MATCH = YES;
				CODE_SIGN_ENTITLEMENTS = "Extension/BurrowTunnel-Extension-Mac.entitlements";
				CODE_SIGN_IDENTITY = "Mac Developer: Jaden Geller (6ZM83JD223)";
				COPY_PHASE_STRIP = NO;
				DEBUG_INFORMATION_FORMAT = "dwarf-with-dsym";
				ENABLE_NS_ASSERTIONS = NO;
				ENABLE_STRICT_OBJC_MSGSEND = YES;
				GCC_C_LANGUAGE_STANDARD = gnu99;
				GCC_NO_COMMON_BLOCKS = YES;
				GCC_WARN_64_TO_32_BIT_CONVERSION = YES;
				GCC_WARN_ABOUT_RETURN_TYPE = YES_ERROR;
				GCC_WARN_UNDECLARED_SELECTOR = YES;
				GCC_WARN_UNINITIALIZED_AUTOS = YES_AGGRESSIVE;
				GCC_WARN_UNUSED_FUNCTION = YES;
				GCC_WARN_UNUSED_VARIABLE = YES;
				INFOPLIST_FILE = Extension/Info.plist;
				LD_RUNPATH_SEARCH_PATHS = "$(inherited) @executable_path/../Frameworks @executable_path/../../../../Frameworks";
				MTL_ENABLE_DEBUG_INFO = NO;
				PRODUCT_BUNDLE_IDENTIFIER = tech.burrow.client.macos.extension;
				PRODUCT_NAME = "$(TARGET_NAME)";
				PROVISIONING_PROFILE = "10455d27-9ed0-473f-a3fa-c87b2f45efb6";
				SDKROOT = macosx;
				SKIP_INSTALL = YES;
				SWIFT_OBJC_BRIDGING_HEADER = "";
			};
			name = Release;
		};
		4D4C41E61CBB50C000055D86 /* Debug */ = {
			isa = XCBuildConfiguration;
			buildSettings = {
				ALWAYS_SEARCH_USER_PATHS = NO;
				APPLICATION_EXTENSION_API_ONLY = YES;
				CLANG_ALLOW_NON_MODULAR_INCLUDES_IN_FRAMEWORK_MODULES = NO;
				CLANG_ANALYZER_NONNULL = YES;
				CLANG_CXX_LANGUAGE_STANDARD = "gnu++0x";
				CLANG_CXX_LIBRARY = "libc++";
				CLANG_ENABLE_MODULES = YES;
				CLANG_ENABLE_OBJC_ARC = YES;
				CLANG_WARN_BOOL_CONVERSION = YES;
				CLANG_WARN_CONSTANT_CONVERSION = YES;
				CLANG_WARN_DIRECT_OBJC_ISA_USAGE = YES_ERROR;
				CLANG_WARN_EMPTY_BODY = YES;
				CLANG_WARN_ENUM_CONVERSION = YES;
				CLANG_WARN_INT_CONVERSION = YES;
				CLANG_WARN_OBJC_ROOT_CLASS = YES_ERROR;
				CLANG_WARN_UNREACHABLE_CODE = YES;
				CLANG_WARN__DUPLICATE_METHOD_MATCH = YES;
				"CODE_SIGN_IDENTITY[sdk=iphoneos*]" = "iPhone Developer";
				COPY_PHASE_STRIP = NO;
				CURRENT_PROJECT_VERSION = 1;
				DEBUG_INFORMATION_FORMAT = dwarf;
				DEFINES_MODULE = YES;
				DYLIB_COMPATIBILITY_VERSION = 1;
				DYLIB_CURRENT_VERSION = 1;
				DYLIB_INSTALL_NAME_BASE = "@rpath";
				ENABLE_STRICT_OBJC_MSGSEND = YES;
				ENABLE_TESTABILITY = YES;
				GCC_C_LANGUAGE_STANDARD = gnu99;
				GCC_DYNAMIC_NO_PIC = NO;
				GCC_NO_COMMON_BLOCKS = YES;
				GCC_OPTIMIZATION_LEVEL = 0;
				GCC_PREPROCESSOR_DEFINITIONS = (
					"DEBUG=1",
					"$(inherited)",
				);
				GCC_WARN_64_TO_32_BIT_CONVERSION = YES;
				GCC_WARN_ABOUT_RETURN_TYPE = YES_ERROR;
				GCC_WARN_UNDECLARED_SELECTOR = YES;
				GCC_WARN_UNINITIALIZED_AUTOS = YES_AGGRESSIVE;
				GCC_WARN_UNUSED_FUNCTION = YES;
				GCC_WARN_UNUSED_VARIABLE = YES;
				INFOPLIST_FILE = Shovel/Info.plist;
				INSTALL_PATH = "$(LOCAL_LIBRARY_DIR)/Frameworks";
				IPHONEOS_DEPLOYMENT_TARGET = 9.3;
				LD_RUNPATH_SEARCH_PATHS = "$(inherited) @executable_path/Frameworks @loader_path/Frameworks";
				MODULEMAP_FILE = "";
				MTL_ENABLE_DEBUG_INFO = YES;
				ONLY_ACTIVE_ARCH = YES;
				PRODUCT_BUNDLE_IDENTIFIER = tech.burrow.shovel;
				PRODUCT_NAME = "$(TARGET_NAME)";
				SDKROOT = iphoneos;
				SKIP_INSTALL = YES;
				SWIFT_OPTIMIZATION_LEVEL = "-Onone";
				TARGETED_DEVICE_FAMILY = "1,2";
				USER_HEADER_SEARCH_PATHS = "";
				VERSIONING_SYSTEM = "apple-generic";
				VERSION_INFO_PREFIX = "";
			};
			name = Debug;
		};
		4D4C41E71CBB50C000055D86 /* Release */ = {
			isa = XCBuildConfiguration;
			buildSettings = {
				ALWAYS_SEARCH_USER_PATHS = NO;
				APPLICATION_EXTENSION_API_ONLY = YES;
				CLANG_ALLOW_NON_MODULAR_INCLUDES_IN_FRAMEWORK_MODULES = NO;
				CLANG_ANALYZER_NONNULL = YES;
				CLANG_CXX_LANGUAGE_STANDARD = "gnu++0x";
				CLANG_CXX_LIBRARY = "libc++";
				CLANG_ENABLE_MODULES = YES;
				CLANG_ENABLE_OBJC_ARC = YES;
				CLANG_WARN_BOOL_CONVERSION = YES;
				CLANG_WARN_CONSTANT_CONVERSION = YES;
				CLANG_WARN_DIRECT_OBJC_ISA_USAGE = YES_ERROR;
				CLANG_WARN_EMPTY_BODY = YES;
				CLANG_WARN_ENUM_CONVERSION = YES;
				CLANG_WARN_INT_CONVERSION = YES;
				CLANG_WARN_OBJC_ROOT_CLASS = YES_ERROR;
				CLANG_WARN_UNREACHABLE_CODE = YES;
				CLANG_WARN__DUPLICATE_METHOD_MATCH = YES;
				"CODE_SIGN_IDENTITY[sdk=iphoneos*]" = "iPhone Developer";
				COPY_PHASE_STRIP = NO;
				CURRENT_PROJECT_VERSION = 1;
				DEBUG_INFORMATION_FORMAT = "dwarf-with-dsym";
				DEFINES_MODULE = YES;
				DYLIB_COMPATIBILITY_VERSION = 1;
				DYLIB_CURRENT_VERSION = 1;
				DYLIB_INSTALL_NAME_BASE = "@rpath";
				ENABLE_NS_ASSERTIONS = NO;
				ENABLE_STRICT_OBJC_MSGSEND = YES;
				GCC_C_LANGUAGE_STANDARD = gnu99;
				GCC_NO_COMMON_BLOCKS = YES;
				GCC_WARN_64_TO_32_BIT_CONVERSION = YES;
				GCC_WARN_ABOUT_RETURN_TYPE = YES_ERROR;
				GCC_WARN_UNDECLARED_SELECTOR = YES;
				GCC_WARN_UNINITIALIZED_AUTOS = YES_AGGRESSIVE;
				GCC_WARN_UNUSED_FUNCTION = YES;
				GCC_WARN_UNUSED_VARIABLE = YES;
				INFOPLIST_FILE = Shovel/Info.plist;
				INSTALL_PATH = "$(LOCAL_LIBRARY_DIR)/Frameworks";
				IPHONEOS_DEPLOYMENT_TARGET = 9.3;
				LD_RUNPATH_SEARCH_PATHS = "$(inherited) @executable_path/Frameworks @loader_path/Frameworks";
				MODULEMAP_FILE = "";
				MTL_ENABLE_DEBUG_INFO = NO;
				PRODUCT_BUNDLE_IDENTIFIER = tech.burrow.shovel;
				PRODUCT_NAME = "$(TARGET_NAME)";
				SDKROOT = iphoneos;
				SKIP_INSTALL = YES;
				TARGETED_DEVICE_FAMILY = "1,2";
				USER_HEADER_SEARCH_PATHS = "";
				VALIDATE_PRODUCT = YES;
				VERSIONING_SYSTEM = "apple-generic";
				VERSION_INFO_PREFIX = "";
			};
			name = Release;
		};
		4D4C41E91CBB50C000055D86 /* Debug */ = {
			isa = XCBuildConfiguration;
			buildSettings = {
				ALWAYS_SEARCH_USER_PATHS = NO;
				CLANG_ALLOW_NON_MODULAR_INCLUDES_IN_FRAMEWORK_MODULES = NO;
				CLANG_ANALYZER_NONNULL = YES;
				CLANG_CXX_LANGUAGE_STANDARD = "gnu++0x";
				CLANG_CXX_LIBRARY = "libc++";
				CLANG_ENABLE_MODULES = YES;
				CLANG_ENABLE_OBJC_ARC = YES;
				CLANG_WARN_BOOL_CONVERSION = YES;
				CLANG_WARN_CONSTANT_CONVERSION = YES;
				CLANG_WARN_DIRECT_OBJC_ISA_USAGE = YES_ERROR;
				CLANG_WARN_EMPTY_BODY = YES;
				CLANG_WARN_ENUM_CONVERSION = YES;
				CLANG_WARN_INT_CONVERSION = YES;
				CLANG_WARN_OBJC_ROOT_CLASS = YES_ERROR;
				CLANG_WARN_UNREACHABLE_CODE = YES;
				CLANG_WARN__DUPLICATE_METHOD_MATCH = YES;
				"CODE_SIGN_IDENTITY[sdk=iphoneos*]" = "iPhone Developer";
				COPY_PHASE_STRIP = NO;
				DEBUG_INFORMATION_FORMAT = dwarf;
				ENABLE_STRICT_OBJC_MSGSEND = YES;
				ENABLE_TESTABILITY = YES;
				GCC_C_LANGUAGE_STANDARD = gnu99;
				GCC_DYNAMIC_NO_PIC = NO;
				GCC_NO_COMMON_BLOCKS = YES;
				GCC_OPTIMIZATION_LEVEL = 0;
				GCC_PREPROCESSOR_DEFINITIONS = (
					"DEBUG=1",
					"$(inherited)",
				);
				GCC_WARN_64_TO_32_BIT_CONVERSION = YES;
				GCC_WARN_ABOUT_RETURN_TYPE = YES_ERROR;
				GCC_WARN_UNDECLARED_SELECTOR = YES;
				GCC_WARN_UNINITIALIZED_AUTOS = YES_AGGRESSIVE;
				GCC_WARN_UNUSED_FUNCTION = YES;
				GCC_WARN_UNUSED_VARIABLE = YES;
				INFOPLIST_FILE = ShovelTests/Info.plist;
				IPHONEOS_DEPLOYMENT_TARGET = 9.3;
				LD_RUNPATH_SEARCH_PATHS = "$(inherited) @executable_path/Frameworks @loader_path/Frameworks";
				MTL_ENABLE_DEBUG_INFO = YES;
				ONLY_ACTIVE_ARCH = YES;
				PRODUCT_BUNDLE_IDENTIFIER = com.JadenGeller.ShovelTests;
				PRODUCT_NAME = "$(TARGET_NAME)";
				SDKROOT = iphoneos;
				SWIFT_OPTIMIZATION_LEVEL = "-Onone";
			};
			name = Debug;
		};
		4D4C41EA1CBB50C000055D86 /* Release */ = {
			isa = XCBuildConfiguration;
			buildSettings = {
				ALWAYS_SEARCH_USER_PATHS = NO;
				CLANG_ALLOW_NON_MODULAR_INCLUDES_IN_FRAMEWORK_MODULES = NO;
				CLANG_ANALYZER_NONNULL = YES;
				CLANG_CXX_LANGUAGE_STANDARD = "gnu++0x";
				CLANG_CXX_LIBRARY = "libc++";
				CLANG_ENABLE_MODULES = YES;
				CLANG_ENABLE_OBJC_ARC = YES;
				CLANG_WARN_BOOL_CONVERSION = YES;
				CLANG_WARN_CONSTANT_CONVERSION = YES;
				CLANG_WARN_DIRECT_OBJC_ISA_USAGE = YES_ERROR;
				CLANG_WARN_EMPTY_BODY = YES;
				CLANG_WARN_ENUM_CONVERSION = YES;
				CLANG_WARN_INT_CONVERSION = YES;
				CLANG_WARN_OBJC_ROOT_CLASS = YES_ERROR;
				CLANG_WARN_UNREACHABLE_CODE = YES;
				CLANG_WARN__DUPLICATE_METHOD_MATCH = YES;
				"CODE_SIGN_IDENTITY[sdk=iphoneos*]" = "iPhone Developer";
				COPY_PHASE_STRIP = NO;
				DEBUG_INFORMATION_FORMAT = "dwarf-with-dsym";
				ENABLE_NS_ASSERTIONS = NO;
				ENABLE_STRICT_OBJC_MSGSEND = YES;
				GCC_C_LANGUAGE_STANDARD = gnu99;
				GCC_NO_COMMON_BLOCKS = YES;
				GCC_WARN_64_TO_32_BIT_CONVERSION = YES;
				GCC_WARN_ABOUT_RETURN_TYPE = YES_ERROR;
				GCC_WARN_UNDECLARED_SELECTOR = YES;
				GCC_WARN_UNINITIALIZED_AUTOS = YES_AGGRESSIVE;
				GCC_WARN_UNUSED_FUNCTION = YES;
				GCC_WARN_UNUSED_VARIABLE = YES;
				INFOPLIST_FILE = ShovelTests/Info.plist;
				IPHONEOS_DEPLOYMENT_TARGET = 9.3;
				LD_RUNPATH_SEARCH_PATHS = "$(inherited) @executable_path/Frameworks @loader_path/Frameworks";
				MTL_ENABLE_DEBUG_INFO = NO;
				PRODUCT_BUNDLE_IDENTIFIER = com.JadenGeller.ShovelTests;
				PRODUCT_NAME = "$(TARGET_NAME)";
				SDKROOT = iphoneos;
				VALIDATE_PRODUCT = YES;
			};
			name = Release;
		};
		4D4C42151CBB5B5D00055D86 /* Debug */ = {
			isa = XCBuildConfiguration;
			baseConfigurationReference = 4D4C42171CBB5B8000055D86 /* CResolver.xcconfig */;
			buildSettings = {
				ALWAYS_SEARCH_USER_PATHS = NO;
				APPLICATION_EXTENSION_API_ONLY = YES;
				CLANG_ANALYZER_NONNULL = YES;
				CLANG_CXX_LANGUAGE_STANDARD = "gnu++0x";
				CLANG_CXX_LIBRARY = "libc++";
				CLANG_ENABLE_MODULES = YES;
				CLANG_ENABLE_OBJC_ARC = YES;
				CLANG_WARN_BOOL_CONVERSION = YES;
				CLANG_WARN_CONSTANT_CONVERSION = YES;
				CLANG_WARN_DIRECT_OBJC_ISA_USAGE = YES_ERROR;
				CLANG_WARN_EMPTY_BODY = YES;
				CLANG_WARN_ENUM_CONVERSION = YES;
				CLANG_WARN_INT_CONVERSION = YES;
				CLANG_WARN_OBJC_ROOT_CLASS = YES_ERROR;
				CLANG_WARN_UNREACHABLE_CODE = YES;
				CLANG_WARN__DUPLICATE_METHOD_MATCH = YES;
				CODE_SIGN_IDENTITY = "iPhone Developer";
				"CODE_SIGN_IDENTITY[sdk=iphoneos*]" = "iPhone Developer";
				COPY_PHASE_STRIP = NO;
				CURRENT_PROJECT_VERSION = 1;
				DEBUG_INFORMATION_FORMAT = dwarf;
				DEFINES_MODULE = YES;
				DYLIB_COMPATIBILITY_VERSION = 1;
				DYLIB_CURRENT_VERSION = 1;
				DYLIB_INSTALL_NAME_BASE = "@rpath";
				ENABLE_STRICT_OBJC_MSGSEND = YES;
				ENABLE_TESTABILITY = YES;
				GCC_C_LANGUAGE_STANDARD = gnu99;
				GCC_DYNAMIC_NO_PIC = NO;
				GCC_NO_COMMON_BLOCKS = YES;
				GCC_OPTIMIZATION_LEVEL = 0;
				GCC_PREPROCESSOR_DEFINITIONS = (
					"DEBUG=1",
					"$(inherited)",
				);
				GCC_WARN_64_TO_32_BIT_CONVERSION = YES;
				GCC_WARN_ABOUT_RETURN_TYPE = YES_ERROR;
				GCC_WARN_UNDECLARED_SELECTOR = YES;
				GCC_WARN_UNINITIALIZED_AUTOS = YES_AGGRESSIVE;
				GCC_WARN_UNUSED_FUNCTION = YES;
				GCC_WARN_UNUSED_VARIABLE = YES;
				INFOPLIST_FILE = CResolver/Info.plist;
				INSTALL_PATH = "$(LOCAL_LIBRARY_DIR)/Frameworks";
				IPHONEOS_DEPLOYMENT_TARGET = 9.3;
				LD_RUNPATH_SEARCH_PATHS = "$(inherited) @executable_path/Frameworks @loader_path/Frameworks";
				MACH_O_TYPE = mh_dylib;
				MTL_ENABLE_DEBUG_INFO = YES;
				ONLY_ACTIVE_ARCH = YES;
				PRODUCT_BUNDLE_IDENTIFIER = tech.burrow.resolv;
				PRODUCT_NAME = "$(TARGET_NAME)";
				PROVISIONING_PROFILE = "";
				SDKROOT = iphoneos;
				SKIP_INSTALL = YES;
				TARGETED_DEVICE_FAMILY = "1,2";
				VERSIONING_SYSTEM = "apple-generic";
				VERSION_INFO_PREFIX = "";
			};
			name = Debug;
		};
		4D4C42161CBB5B5D00055D86 /* Release */ = {
			isa = XCBuildConfiguration;
			baseConfigurationReference = 4D4C42171CBB5B8000055D86 /* CResolver.xcconfig */;
			buildSettings = {
				ALWAYS_SEARCH_USER_PATHS = NO;
				APPLICATION_EXTENSION_API_ONLY = YES;
				CLANG_ANALYZER_NONNULL = YES;
				CLANG_CXX_LANGUAGE_STANDARD = "gnu++0x";
				CLANG_CXX_LIBRARY = "libc++";
				CLANG_ENABLE_MODULES = YES;
				CLANG_ENABLE_OBJC_ARC = YES;
				CLANG_WARN_BOOL_CONVERSION = YES;
				CLANG_WARN_CONSTANT_CONVERSION = YES;
				CLANG_WARN_DIRECT_OBJC_ISA_USAGE = YES_ERROR;
				CLANG_WARN_EMPTY_BODY = YES;
				CLANG_WARN_ENUM_CONVERSION = YES;
				CLANG_WARN_INT_CONVERSION = YES;
				CLANG_WARN_OBJC_ROOT_CLASS = YES_ERROR;
				CLANG_WARN_UNREACHABLE_CODE = YES;
				CLANG_WARN__DUPLICATE_METHOD_MATCH = YES;
				CODE_SIGN_IDENTITY = "iPhone Developer";
				"CODE_SIGN_IDENTITY[sdk=iphoneos*]" = "iPhone Developer";
				COPY_PHASE_STRIP = NO;
				CURRENT_PROJECT_VERSION = 1;
				DEBUG_INFORMATION_FORMAT = "dwarf-with-dsym";
				DEFINES_MODULE = YES;
				DYLIB_COMPATIBILITY_VERSION = 1;
				DYLIB_CURRENT_VERSION = 1;
				DYLIB_INSTALL_NAME_BASE = "@rpath";
				ENABLE_NS_ASSERTIONS = NO;
				ENABLE_STRICT_OBJC_MSGSEND = YES;
				GCC_C_LANGUAGE_STANDARD = gnu99;
				GCC_NO_COMMON_BLOCKS = YES;
				GCC_WARN_64_TO_32_BIT_CONVERSION = YES;
				GCC_WARN_ABOUT_RETURN_TYPE = YES_ERROR;
				GCC_WARN_UNDECLARED_SELECTOR = YES;
				GCC_WARN_UNINITIALIZED_AUTOS = YES_AGGRESSIVE;
				GCC_WARN_UNUSED_FUNCTION = YES;
				GCC_WARN_UNUSED_VARIABLE = YES;
				INFOPLIST_FILE = CResolver/Info.plist;
				INSTALL_PATH = "$(LOCAL_LIBRARY_DIR)/Frameworks";
				IPHONEOS_DEPLOYMENT_TARGET = 9.3;
				LD_RUNPATH_SEARCH_PATHS = "$(inherited) @executable_path/Frameworks @loader_path/Frameworks";
				MACH_O_TYPE = mh_dylib;
				MTL_ENABLE_DEBUG_INFO = NO;
				PRODUCT_BUNDLE_IDENTIFIER = tech.burrow.resolv;
				PRODUCT_NAME = "$(TARGET_NAME)";
				PROVISIONING_PROFILE = "";
				SDKROOT = iphoneos;
				SKIP_INSTALL = YES;
				TARGETED_DEVICE_FAMILY = "1,2";
				VALIDATE_PRODUCT = YES;
				VERSIONING_SYSTEM = "apple-generic";
				VERSION_INFO_PREFIX = "";
			};
			name = Release;
		};
		4D62BB741CFA458200F0A2C3 /* Debug */ = {
			isa = XCBuildConfiguration;
			buildSettings = {
				ALWAYS_SEARCH_USER_PATHS = NO;
				APPLICATION_EXTENSION_API_ONLY = YES;
				CLANG_ANALYZER_NONNULL = YES;
				CLANG_CXX_LANGUAGE_STANDARD = "gnu++0x";
				CLANG_CXX_LIBRARY = "libc++";
				CLANG_ENABLE_MODULES = YES;
				CLANG_ENABLE_OBJC_ARC = YES;
				CLANG_WARN_BOOL_CONVERSION = YES;
				CLANG_WARN_CONSTANT_CONVERSION = YES;
				CLANG_WARN_DIRECT_OBJC_ISA_USAGE = YES_ERROR;
				CLANG_WARN_EMPTY_BODY = YES;
				CLANG_WARN_ENUM_CONVERSION = YES;
				CLANG_WARN_INT_CONVERSION = YES;
				CLANG_WARN_OBJC_ROOT_CLASS = YES_ERROR;
				CLANG_WARN_UNREACHABLE_CODE = YES;
				CLANG_WARN__DUPLICATE_METHOD_MATCH = YES;
				CODE_SIGN_IDENTITY = "";
				"CODE_SIGN_IDENTITY[sdk=iphoneos*]" = "";
				COPY_PHASE_STRIP = NO;
				CURRENT_PROJECT_VERSION = 1;
				DEBUG_INFORMATION_FORMAT = dwarf;
				DEFINES_MODULE = YES;
				DYLIB_COMPATIBILITY_VERSION = 1;
				DYLIB_CURRENT_VERSION = 1;
				DYLIB_INSTALL_NAME_BASE = "@rpath";
				ENABLE_STRICT_OBJC_MSGSEND = YES;
				ENABLE_TESTABILITY = YES;
				GCC_C_LANGUAGE_STANDARD = gnu99;
				GCC_DYNAMIC_NO_PIC = NO;
				GCC_NO_COMMON_BLOCKS = YES;
				GCC_OPTIMIZATION_LEVEL = 0;
				GCC_PREPROCESSOR_DEFINITIONS = (
					"DEBUG=1",
					"$(inherited)",
				);
				GCC_WARN_64_TO_32_BIT_CONVERSION = YES;
				GCC_WARN_ABOUT_RETURN_TYPE = YES_ERROR;
				GCC_WARN_UNDECLARED_SELECTOR = YES;
				GCC_WARN_UNINITIALIZED_AUTOS = YES_AGGRESSIVE;
				GCC_WARN_UNUSED_FUNCTION = YES;
				GCC_WARN_UNUSED_VARIABLE = YES;
				INFOPLIST_FILE = DNSServiceDiscovery/Info.plist;
				INSTALL_PATH = "$(LOCAL_LIBRARY_DIR)/Frameworks";
				IPHONEOS_DEPLOYMENT_TARGET = 9.3;
				LD_RUNPATH_SEARCH_PATHS = "$(inherited) @executable_path/Frameworks @loader_path/Frameworks";
				"MODULEMAP_FILE[sdk=iphoneos*]" = "$(SRCROOT)/DNSServiceDiscovery/iphoneos.modulemap";
				"MODULEMAP_FILE[sdk=iphonesimulator*]" = "$(SRCROOT)/DNSServiceDiscovery/iphonesimulator.modulemap";
				"MODULEMAP_FILE[sdk=macosx*]" = "$(SRCROOT)/DNSServiceDiscovery/macosx.modulemap";
				MTL_ENABLE_DEBUG_INFO = YES;
				ONLY_ACTIVE_ARCH = YES;
				PRODUCT_BUNDLE_IDENTIFIER = com.jadengeller.DNSServiceDiscovery;
				PRODUCT_NAME = "$(TARGET_NAME)";
				SDKROOT = iphoneos;
				SKIP_INSTALL = YES;
				SWIFT_OPTIMIZATION_LEVEL = "-Onone";
				TARGETED_DEVICE_FAMILY = "1,2";
				VERSIONING_SYSTEM = "apple-generic";
				VERSION_INFO_PREFIX = "";
			};
			name = Debug;
		};
		4D62BB751CFA458200F0A2C3 /* Release */ = {
			isa = XCBuildConfiguration;
			buildSettings = {
				ALWAYS_SEARCH_USER_PATHS = NO;
				APPLICATION_EXTENSION_API_ONLY = YES;
				CLANG_ANALYZER_NONNULL = YES;
				CLANG_CXX_LANGUAGE_STANDARD = "gnu++0x";
				CLANG_CXX_LIBRARY = "libc++";
				CLANG_ENABLE_MODULES = YES;
				CLANG_ENABLE_OBJC_ARC = YES;
				CLANG_WARN_BOOL_CONVERSION = YES;
				CLANG_WARN_CONSTANT_CONVERSION = YES;
				CLANG_WARN_DIRECT_OBJC_ISA_USAGE = YES_ERROR;
				CLANG_WARN_EMPTY_BODY = YES;
				CLANG_WARN_ENUM_CONVERSION = YES;
				CLANG_WARN_INT_CONVERSION = YES;
				CLANG_WARN_OBJC_ROOT_CLASS = YES_ERROR;
				CLANG_WARN_UNREACHABLE_CODE = YES;
				CLANG_WARN__DUPLICATE_METHOD_MATCH = YES;
				CODE_SIGN_IDENTITY = "";
				"CODE_SIGN_IDENTITY[sdk=iphoneos*]" = "";
				COPY_PHASE_STRIP = NO;
				CURRENT_PROJECT_VERSION = 1;
				DEBUG_INFORMATION_FORMAT = "dwarf-with-dsym";
				DEFINES_MODULE = YES;
				DYLIB_COMPATIBILITY_VERSION = 1;
				DYLIB_CURRENT_VERSION = 1;
				DYLIB_INSTALL_NAME_BASE = "@rpath";
				ENABLE_NS_ASSERTIONS = NO;
				ENABLE_STRICT_OBJC_MSGSEND = YES;
				GCC_C_LANGUAGE_STANDARD = gnu99;
				GCC_NO_COMMON_BLOCKS = YES;
				GCC_WARN_64_TO_32_BIT_CONVERSION = YES;
				GCC_WARN_ABOUT_RETURN_TYPE = YES_ERROR;
				GCC_WARN_UNDECLARED_SELECTOR = YES;
				GCC_WARN_UNINITIALIZED_AUTOS = YES_AGGRESSIVE;
				GCC_WARN_UNUSED_FUNCTION = YES;
				GCC_WARN_UNUSED_VARIABLE = YES;
				INFOPLIST_FILE = DNSServiceDiscovery/Info.plist;
				INSTALL_PATH = "$(LOCAL_LIBRARY_DIR)/Frameworks";
				IPHONEOS_DEPLOYMENT_TARGET = 9.3;
				LD_RUNPATH_SEARCH_PATHS = "$(inherited) @executable_path/Frameworks @loader_path/Frameworks";
				"MODULEMAP_FILE[sdk=iphoneos*]" = "$(SRCROOT)/DNSServiceDiscovery/iphoneos.modulemap";
				"MODULEMAP_FILE[sdk=iphonesimulator*]" = "$(SRCROOT)/DNSServiceDiscovery/iphonesimulator.modulemap";
				"MODULEMAP_FILE[sdk=macosx*]" = "$(SRCROOT)/DNSServiceDiscovery/macosx.modulemap";
				MTL_ENABLE_DEBUG_INFO = NO;
				PRODUCT_BUNDLE_IDENTIFIER = com.jadengeller.DNSServiceDiscovery;
				PRODUCT_NAME = "$(TARGET_NAME)";
				SDKROOT = iphoneos;
				SKIP_INSTALL = YES;
				TARGETED_DEVICE_FAMILY = "1,2";
				VALIDATE_PRODUCT = YES;
				VERSIONING_SYSTEM = "apple-generic";
				VERSION_INFO_PREFIX = "";
			};
			name = Release;
		};
		4DCB4EC61CEEF71F006BC0AF /* Debug */ = {
			isa = XCBuildConfiguration;
			buildSettings = {
				ALWAYS_SEARCH_USER_PATHS = NO;
				APPLICATION_EXTENSION_API_ONLY = YES;
				CLANG_ANALYZER_NONNULL = YES;
				CLANG_CXX_LANGUAGE_STANDARD = "gnu++0x";
				CLANG_CXX_LIBRARY = "libc++";
				CLANG_ENABLE_MODULES = YES;
				CLANG_ENABLE_OBJC_ARC = YES;
				CLANG_WARN_BOOL_CONVERSION = YES;
				CLANG_WARN_CONSTANT_CONVERSION = YES;
				CLANG_WARN_DIRECT_OBJC_ISA_USAGE = YES_ERROR;
				CLANG_WARN_EMPTY_BODY = YES;
				CLANG_WARN_ENUM_CONVERSION = YES;
				CLANG_WARN_INT_CONVERSION = YES;
				CLANG_WARN_OBJC_ROOT_CLASS = YES_ERROR;
				CLANG_WARN_UNREACHABLE_CODE = YES;
				CLANG_WARN__DUPLICATE_METHOD_MATCH = YES;
				"CODE_SIGN_IDENTITY[sdk=iphoneos*]" = "iPhone Developer";
				COPY_PHASE_STRIP = NO;
				CURRENT_PROJECT_VERSION = 1;
				DEBUG_INFORMATION_FORMAT = dwarf;
				DEFINES_MODULE = YES;
				DYLIB_COMPATIBILITY_VERSION = 1;
				DYLIB_CURRENT_VERSION = 1;
				DYLIB_INSTALL_NAME_BASE = "@rpath";
				ENABLE_STRICT_OBJC_MSGSEND = YES;
				ENABLE_TESTABILITY = YES;
				GCC_C_LANGUAGE_STANDARD = gnu99;
				GCC_DYNAMIC_NO_PIC = NO;
				GCC_NO_COMMON_BLOCKS = YES;
				GCC_OPTIMIZATION_LEVEL = 0;
				GCC_PREPROCESSOR_DEFINITIONS = (
					"DEBUG=1",
					"$(inherited)",
				);
				GCC_WARN_64_TO_32_BIT_CONVERSION = YES;
				GCC_WARN_ABOUT_RETURN_TYPE = YES_ERROR;
				GCC_WARN_UNDECLARED_SELECTOR = YES;
				GCC_WARN_UNINITIALIZED_AUTOS = YES_AGGRESSIVE;
				GCC_WARN_UNUSED_FUNCTION = YES;
				GCC_WARN_UNUSED_VARIABLE = YES;
				INFOPLIST_FILE = Logger/Info.plist;
				INSTALL_PATH = "$(LOCAL_LIBRARY_DIR)/Frameworks";
				IPHONEOS_DEPLOYMENT_TARGET = 9.3;
				LD_RUNPATH_SEARCH_PATHS = "$(inherited) @executable_path/Frameworks @loader_path/Frameworks";
				MTL_ENABLE_DEBUG_INFO = YES;
				ONLY_ACTIVE_ARCH = YES;
				PRODUCT_BUNDLE_IDENTIFIER = tech.burrow.logger;
				PRODUCT_NAME = "$(TARGET_NAME)";
				SDKROOT = iphoneos;
				SKIP_INSTALL = YES;
				SWIFT_OPTIMIZATION_LEVEL = "-Onone";
				TARGETED_DEVICE_FAMILY = "1,2";
				VERSIONING_SYSTEM = "apple-generic";
				VERSION_INFO_PREFIX = "";
			};
			name = Debug;
		};
		4DCB4EC71CEEF71F006BC0AF /* Release */ = {
			isa = XCBuildConfiguration;
			buildSettings = {
				ALWAYS_SEARCH_USER_PATHS = NO;
				APPLICATION_EXTENSION_API_ONLY = YES;
				CLANG_ANALYZER_NONNULL = YES;
				CLANG_CXX_LANGUAGE_STANDARD = "gnu++0x";
				CLANG_CXX_LIBRARY = "libc++";
				CLANG_ENABLE_MODULES = YES;
				CLANG_ENABLE_OBJC_ARC = YES;
				CLANG_WARN_BOOL_CONVERSION = YES;
				CLANG_WARN_CONSTANT_CONVERSION = YES;
				CLANG_WARN_DIRECT_OBJC_ISA_USAGE = YES_ERROR;
				CLANG_WARN_EMPTY_BODY = YES;
				CLANG_WARN_ENUM_CONVERSION = YES;
				CLANG_WARN_INT_CONVERSION = YES;
				CLANG_WARN_OBJC_ROOT_CLASS = YES_ERROR;
				CLANG_WARN_UNREACHABLE_CODE = YES;
				CLANG_WARN__DUPLICATE_METHOD_MATCH = YES;
				"CODE_SIGN_IDENTITY[sdk=iphoneos*]" = "iPhone Developer";
				COPY_PHASE_STRIP = NO;
				CURRENT_PROJECT_VERSION = 1;
				DEBUG_INFORMATION_FORMAT = "dwarf-with-dsym";
				DEFINES_MODULE = YES;
				DYLIB_COMPATIBILITY_VERSION = 1;
				DYLIB_CURRENT_VERSION = 1;
				DYLIB_INSTALL_NAME_BASE = "@rpath";
				ENABLE_NS_ASSERTIONS = NO;
				ENABLE_STRICT_OBJC_MSGSEND = YES;
				GCC_C_LANGUAGE_STANDARD = gnu99;
				GCC_NO_COMMON_BLOCKS = YES;
				GCC_WARN_64_TO_32_BIT_CONVERSION = YES;
				GCC_WARN_ABOUT_RETURN_TYPE = YES_ERROR;
				GCC_WARN_UNDECLARED_SELECTOR = YES;
				GCC_WARN_UNINITIALIZED_AUTOS = YES_AGGRESSIVE;
				GCC_WARN_UNUSED_FUNCTION = YES;
				GCC_WARN_UNUSED_VARIABLE = YES;
				INFOPLIST_FILE = Logger/Info.plist;
				INSTALL_PATH = "$(LOCAL_LIBRARY_DIR)/Frameworks";
				IPHONEOS_DEPLOYMENT_TARGET = 9.3;
				LD_RUNPATH_SEARCH_PATHS = "$(inherited) @executable_path/Frameworks @loader_path/Frameworks";
				MTL_ENABLE_DEBUG_INFO = NO;
				PRODUCT_BUNDLE_IDENTIFIER = tech.burrow.logger;
				PRODUCT_NAME = "$(TARGET_NAME)";
				SDKROOT = iphoneos;
				SKIP_INSTALL = YES;
				TARGETED_DEVICE_FAMILY = "1,2";
				VALIDATE_PRODUCT = YES;
				VERSIONING_SYSTEM = "apple-generic";
				VERSION_INFO_PREFIX = "";
			};
			name = Release;
		};
/* End XCBuildConfiguration section */

/* Begin XCConfigurationList section */
		4D0D55C61CB3722F008CB981 /* Build configuration list for PBXProject "Burrow" */ = {
			isa = XCConfigurationList;
			buildConfigurations = (
				4D0D55C71CB3722F008CB981 /* Debug */,
				4D0D55C81CB3722F008CB981 /* Release */,
			);
			defaultConfigurationIsVisible = 0;
			defaultConfigurationName = Release;
		};
		4D0D55DD1CB37274008CB981 /* Build configuration list for PBXNativeTarget "Burrow-iOS" */ = {
			isa = XCConfigurationList;
			buildConfigurations = (
				4D0D55DE1CB37274008CB981 /* Debug */,
				4D0D55DF1CB37274008CB981 /* Release */,
			);
			defaultConfigurationIsVisible = 0;
			defaultConfigurationName = Release;
		};
		4D0D55F01CB37297008CB981 /* Build configuration list for PBXNativeTarget "Burrow-Mac" */ = {
			isa = XCConfigurationList;
			buildConfigurations = (
				4D0D55F11CB37297008CB981 /* Debug */,
				4D0D55F21CB37297008CB981 /* Release */,
			);
			defaultConfigurationIsVisible = 0;
			defaultConfigurationName = Release;
		};
		4D0D56011CB372F3008CB981 /* Build configuration list for PBXNativeTarget "BurrowTunnel-iOS" */ = {
			isa = XCConfigurationList;
			buildConfigurations = (
				4D0D56021CB372F3008CB981 /* Debug */,
				4D0D56031CB372F3008CB981 /* Release */,
			);
			defaultConfigurationIsVisible = 0;
			defaultConfigurationName = Release;
		};
		4D0D56131CB37302008CB981 /* Build configuration list for PBXNativeTarget "BurrowTunnel-Mac" */ = {
			isa = XCConfigurationList;
			buildConfigurations = (
				4D0D56141CB37302008CB981 /* Debug */,
				4D0D56151CB37302008CB981 /* Release */,
			);
			defaultConfigurationIsVisible = 0;
			defaultConfigurationName = Release;
		};
		4D4C41E51CBB50C000055D86 /* Build configuration list for PBXNativeTarget "Shovel" */ = {
			isa = XCConfigurationList;
			buildConfigurations = (
				4D4C41E61CBB50C000055D86 /* Debug */,
				4D4C41E71CBB50C000055D86 /* Release */,
			);
			defaultConfigurationIsVisible = 0;
			defaultConfigurationName = Release;
		};
		4D4C41E81CBB50C000055D86 /* Build configuration list for PBXNativeTarget "ShovelTests" */ = {
			isa = XCConfigurationList;
			buildConfigurations = (
				4D4C41E91CBB50C000055D86 /* Debug */,
				4D4C41EA1CBB50C000055D86 /* Release */,
			);
			defaultConfigurationIsVisible = 0;
			defaultConfigurationName = Release;
		};
		4D4C42141CBB5B5D00055D86 /* Build configuration list for PBXNativeTarget "CResolver" */ = {
			isa = XCConfigurationList;
			buildConfigurations = (
				4D4C42151CBB5B5D00055D86 /* Debug */,
				4D4C42161CBB5B5D00055D86 /* Release */,
			);
			defaultConfigurationIsVisible = 0;
			defaultConfigurationName = Release;
		};
		4D62BB731CFA458200F0A2C3 /* Build configuration list for PBXNativeTarget "DNSServiceDiscovery" */ = {
			isa = XCConfigurationList;
			buildConfigurations = (
				4D62BB741CFA458200F0A2C3 /* Debug */,
				4D62BB751CFA458200F0A2C3 /* Release */,
			);
			defaultConfigurationIsVisible = 0;
			defaultConfigurationName = Release;
		};
		4DCB4EC81CEEF71F006BC0AF /* Build configuration list for PBXNativeTarget "Logger" */ = {
			isa = XCConfigurationList;
			buildConfigurations = (
				4DCB4EC61CEEF71F006BC0AF /* Debug */,
				4DCB4EC71CEEF71F006BC0AF /* Release */,
			);
			defaultConfigurationIsVisible = 0;
			defaultConfigurationName = Release;
		};
/* End XCConfigurationList section */
	};
	rootObject = 4D0D55C31CB3722F008CB981 /* Project object */;
}
